
Microsoft Visual Studio Solution File, Format Version 12.00
# Visual Studio 15
VisualStudioVersion = 15.0.27130.2026
MinimumVisualStudioVersion = 15.0.26124.0
Project("{2150E333-8FDC-42A3-9474-1A3956D46DE8}") = "src", "src", "{95D4B35E-0A21-4D64-8BAF-27DD6C019FC5}"
EndProject
Project("{9A19103F-16F7-4668-BE54-9A1E7A4F7556}") = "McMaster.Extensions.CommandLineUtils", "src\CommandLineUtils\McMaster.Extensions.CommandLineUtils.csproj", "{CBCFAFF3-A3B1-4C41-B2D1-092BF7307A4E}"
EndProject
Project("{2150E333-8FDC-42A3-9474-1A3956D46DE8}") = "test", "test", "{C4842A1B-019E-40FF-A396-CF5AFDE8FA54}"
EndProject
Project("{9A19103F-16F7-4668-BE54-9A1E7A4F7556}") = "McMaster.Extensions.CommandLineUtils.Tests", "test\CommandLineUtils.Tests\McMaster.Extensions.CommandLineUtils.Tests.csproj", "{1258544C-1FDE-4810-9A1B-189A925E9B45}"
EndProject
Project("{2150E333-8FDC-42A3-9474-1A3956D46DE8}") = "files", "files", "{509D6286-77FA-49C1-9EC6-7461DBE79536}"
	ProjectSection(SolutionItems) = preProject
		.appveyor.yml = .appveyor.yml
		.editorconfig = .editorconfig
		.gitattributes = .gitattributes
		.gitignore = .gitignore
		build.cmd = build.cmd
		build.ps1 = build.ps1
		CHANGELOG.md = CHANGELOG.md
		Directory.Build.props = Directory.Build.props
		Directory.Build.targets = Directory.Build.targets
		LICENSE.txt = LICENSE.txt
		NOTICE.txt = NOTICE.txt
		NuGet.config = NuGet.config
		README.md = README.md
		releasenotes.props = releasenotes.props
		version.props = version.props
	EndProjectSection
EndProject
Project("{FAE04EC0-301F-11D3-BF4B-00C04F79EFBC}") = "McMaster.Extensions.Hosting.CommandLine", "src\Hosting.CommandLine\McMaster.Extensions.Hosting.CommandLine.csproj", "{407245F7-3F2C-4634-8578-7EFCA9BD26BD}"
EndProject
Project("{FAE04EC0-301F-11D3-BF4B-00C04F79EFBC}") = "Hosting.CommandLine.Tests", "test\Hosting.CommandLine.Tests\McMaster.Extensions.Hosting.CommandLine.Tests.csproj", "{04A5D2B8-18E4-4C75-AEF9-79D171FAC210}"
EndProject
Global
	GlobalSection(SolutionConfigurationPlatforms) = preSolution
		Debug|Any CPU = Debug|Any CPU
		Release|Any CPU = Release|Any CPU
	EndGlobalSection
	GlobalSection(ProjectConfigurationPlatforms) = postSolution
		{CBCFAFF3-A3B1-4C41-B2D1-092BF7307A4E}.Debug|Any CPU.ActiveCfg = Debug|Any CPU
		{CBCFAFF3-A3B1-4C41-B2D1-092BF7307A4E}.Debug|Any CPU.Build.0 = Debug|Any CPU
		{CBCFAFF3-A3B1-4C41-B2D1-092BF7307A4E}.Release|Any CPU.ActiveCfg = Release|Any CPU
		{CBCFAFF3-A3B1-4C41-B2D1-092BF7307A4E}.Release|Any CPU.Build.0 = Release|Any CPU
		{1258544C-1FDE-4810-9A1B-189A925E9B45}.Debug|Any CPU.ActiveCfg = Debug|Any CPU
		{1258544C-1FDE-4810-9A1B-189A925E9B45}.Debug|Any CPU.Build.0 = Debug|Any CPU
		{1258544C-1FDE-4810-9A1B-189A925E9B45}.Release|Any CPU.ActiveCfg = Release|Any CPU
		{1258544C-1FDE-4810-9A1B-189A925E9B45}.Release|Any CPU.Build.0 = Release|Any CPU
		{407245F7-3F2C-4634-8578-7EFCA9BD26BD}.Debug|Any CPU.ActiveCfg = Debug|Any CPU
		{407245F7-3F2C-4634-8578-7EFCA9BD26BD}.Debug|Any CPU.Build.0 = Debug|Any CPU
		{407245F7-3F2C-4634-8578-7EFCA9BD26BD}.Release|Any CPU.ActiveCfg = Release|Any CPU
		{407245F7-3F2C-4634-8578-7EFCA9BD26BD}.Release|Any CPU.Build.0 = Release|Any CPU
		{04A5D2B8-18E4-4C75-AEF9-79D171FAC210}.Debug|Any CPU.ActiveCfg = Debug|Any CPU
		{04A5D2B8-18E4-4C75-AEF9-79D171FAC210}.Debug|Any CPU.Build.0 = Debug|Any CPU
		{04A5D2B8-18E4-4C75-AEF9-79D171FAC210}.Release|Any CPU.ActiveCfg = Release|Any CPU
		{04A5D2B8-18E4-4C75-AEF9-79D171FAC210}.Release|Any CPU.Build.0 = Release|Any CPU
	EndGlobalSection
	GlobalSection(SolutionProperties) = preSolution
		HideSolutionNode = FALSE
	EndGlobalSection
	GlobalSection(NestedProjects) = preSolution
		{CBCFAFF3-A3B1-4C41-B2D1-092BF7307A4E} = {95D4B35E-0A21-4D64-8BAF-27DD6C019FC5}
		{1258544C-1FDE-4810-9A1B-189A925E9B45} = {C4842A1B-019E-40FF-A396-CF5AFDE8FA54}
		{407245F7-3F2C-4634-8578-7EFCA9BD26BD} = {95D4B35E-0A21-4D64-8BAF-27DD6C019FC5}
		{04A5D2B8-18E4-4C75-AEF9-79D171FAC210} = {C4842A1B-019E-40FF-A396-CF5AFDE8FA54}
	EndGlobalSection
	GlobalSection(ExtensibilityGlobals) = postSolution
		SolutionGuid = {55FD25E0-565D-49F9-9370-28DA7196E539}
	EndGlobalSection
EndGlobal
