Microsoft Visual Studio Solution File, Format Version 12.00
# Visual Studio 15
VisualStudioVersion = 15.0.27004.2005
MinimumVisualStudioVersion = 15.0.26124.0
Project("{2150E333-8FDC-42A3-9474-1A3956D46DE8}") = "src", "src", "{95D4B35E-0A21-4D64-8BAF-27DD6C019FC5}"
EndProject
Project("{9A19103F-16F7-4668-BE54-9A1E7A4F7556}") = "McMaster.Extensions.CommandLineUtils", "src\CommandLineUtils\McMaster.Extensions.CommandLineUtils.csproj", "{CBCFAFF3-A3B1-4C41-B2D1-092BF7307A4E}"
EndProject
Project("{2150E333-8FDC-42A3-9474-1A3956D46DE8}") = "test", "test", "{C4842A1B-019E-40FF-A396-CF5AFDE8FA54}"
EndProject
Project("{9A19103F-16F7-4668-BE54-9A1E7A4F7556}") = "McMaster.Extensions.CommandLineUtils.Tests", "test\CommandLineUtils.Tests\McMaster.Extensions.CommandLineUtils.Tests.csproj", "{1258544C-1FDE-4810-9A1B-189A925E9B45}"
EndProject
Project("{2150E333-8FDC-42A3-9474-1A3956D46DE8}") = "samples", "samples", "{60B279C6-091B-4F3E-B21F-D71001C94660}"
EndProject
Project("{9A19103F-16F7-4668-BE54-9A1E7A4F7556}") = "HelloWorld", "samples\HelloWorld\HelloWorld.csproj", "{71521E54-158D-45D7-8746-4905E6B3EB21}"
EndProject
Project("{9A19103F-16F7-4668-BE54-9A1E7A4F7556}") = "HelloWorldAsync", "samples\HelloWorldAsync\HelloWorldAsync.csproj", "{71521E54-158D-45D7-8746-4905E6B3EB22}"
EndProject
Project("{2150E333-8FDC-42A3-9474-1A3956D46DE8}") = "files", "files", "{509D6286-77FA-49C1-9EC6-7461DBE79536}"
	ProjectSection(SolutionItems) = preProject
		.appveyor.yml = .appveyor.yml
		.editorconfig = .editorconfig
		.gitattributes = .gitattributes
		.gitignore = .gitignore
		build.cmd = build.cmd
		build.ps1 = build.ps1
		Directory.Build.props = Directory.Build.props
		Directory.Build.targets = Directory.Build.targets
		LICENSE.txt = LICENSE.txt
		NOTICE.txt = NOTICE.txt
		NuGet.config = NuGet.config
		README.md = README.md
		releasenotes.props = releasenotes.props
		version.props = version.props
	EndProjectSection
EndProject
Project("{FAE04EC0-301F-11D3-BF4B-00C04F79EFBC}") = "CommandLineParser", "samples\CommandLineParser\CommandLineParser.csproj", "{58950EDB-2A33-4503-9ACF-C3DF5B129B82}"
EndProject
Project("{FAE04EC0-301F-11D3-BF4B-00C04F79EFBC}") = "Subcommands", "samples\Subcommands\Subcommands.csproj", "{F8BC68FE-2F44-4AB5-AD31-7B39376A616B}"
EndProject
Global
	GlobalSection(SolutionConfigurationPlatforms) = preSolution
		Debug|Any CPU = Debug|Any CPU
		Release|Any CPU = Release|Any CPU
		Debug|x64 = Debug|x64
		Debug|x86 = Debug|x86
		Release|x64 = Release|x64
		Release|x86 = Release|x86
	EndGlobalSection
	GlobalSection(ProjectConfigurationPlatforms) = postSolution
		{CBCFAFF3-A3B1-4C41-B2D1-092BF7307A4E}.Debug|Any CPU.ActiveCfg = Debug|Any CPU
		{CBCFAFF3-A3B1-4C41-B2D1-092BF7307A4E}.Debug|Any CPU.Build.0 = Debug|Any CPU
		{CBCFAFF3-A3B1-4C41-B2D1-092BF7307A4E}.Release|Any CPU.ActiveCfg = Release|Any CPU
		{CBCFAFF3-A3B1-4C41-B2D1-092BF7307A4E}.Release|Any CPU.Build.0 = Release|Any CPU
		{1258544C-1FDE-4810-9A1B-189A925E9B45}.Debug|Any CPU.ActiveCfg = Debug|Any CPU
		{1258544C-1FDE-4810-9A1B-189A925E9B45}.Debug|Any CPU.Build.0 = Debug|Any CPU
		{1258544C-1FDE-4810-9A1B-189A925E9B45}.Release|Any CPU.ActiveCfg = Release|Any CPU
		{1258544C-1FDE-4810-9A1B-189A925E9B45}.Release|Any CPU.Build.0 = Release|Any CPU
		{71521E54-158D-45D7-8746-4905E6B3EB21}.Debug|Any CPU.ActiveCfg = Debug|Any CPU
		{71521E54-158D-45D7-8746-4905E6B3EB21}.Debug|Any CPU.Build.0 = Debug|Any CPU
		{71521E54-158D-45D7-8746-4905E6B3EB21}.Release|Any CPU.ActiveCfg = Release|Any CPU
		{71521E54-158D-45D7-8746-4905E6B3EB21}.Release|Any CPU.Build.0 = Release|Any CPU
		{71521E54-158D-45D7-8746-4905E6B3EB22}.Debug|Any CPU.ActiveCfg = Debug|Any CPU
		{71521E54-158D-45D7-8746-4905E6B3EB22}.Debug|Any CPU.Build.0 = Debug|Any CPU
		{71521E54-158D-45D7-8746-4905E6B3EB22}.Release|Any CPU.ActiveCfg = Release|Any CPU
		{71521E54-158D-45D7-8746-4905E6B3EB22}.Release|Any CPU.Build.0 = Release|Any CPU
		{58950EDB-2A33-4503-9ACF-C3DF5B129B82}.Debug|Any CPU.ActiveCfg = Debug|Any CPU
		{58950EDB-2A33-4503-9ACF-C3DF5B129B82}.Debug|Any CPU.Build.0 = Debug|Any CPU
		{58950EDB-2A33-4503-9ACF-C3DF5B129B82}.Release|Any CPU.ActiveCfg = Release|Any CPU
		{58950EDB-2A33-4503-9ACF-C3DF5B129B82}.Release|Any CPU.Build.0 = Release|Any CPU
		{F8BC68FE-2F44-4AB5-AD31-7B39376A616B}.Debug|Any CPU.ActiveCfg = Debug|Any CPU
		{F8BC68FE-2F44-4AB5-AD31-7B39376A616B}.Debug|Any CPU.Build.0 = Debug|Any CPU
		{F8BC68FE-2F44-4AB5-AD31-7B39376A616B}.Debug|x64.ActiveCfg = Debug|x64
		{F8BC68FE-2F44-4AB5-AD31-7B39376A616B}.Debug|x64.Build.0 = Debug|x64
		{F8BC68FE-2F44-4AB5-AD31-7B39376A616B}.Debug|x86.ActiveCfg = Debug|x86
		{F8BC68FE-2F44-4AB5-AD31-7B39376A616B}.Debug|x86.Build.0 = Debug|x86
		{F8BC68FE-2F44-4AB5-AD31-7B39376A616B}.Release|Any CPU.ActiveCfg = Release|Any CPU
		{F8BC68FE-2F44-4AB5-AD31-7B39376A616B}.Release|Any CPU.Build.0 = Release|Any CPU
		{F8BC68FE-2F44-4AB5-AD31-7B39376A616B}.Release|x64.ActiveCfg = Release|x64
		{F8BC68FE-2F44-4AB5-AD31-7B39376A616B}.Release|x64.Build.0 = Release|x64
		{F8BC68FE-2F44-4AB5-AD31-7B39376A616B}.Release|x86.ActiveCfg = Release|x86
		{F8BC68FE-2F44-4AB5-AD31-7B39376A616B}.Release|x86.Build.0 = Release|x86
	EndGlobalSection
	GlobalSection(SolutionProperties) = preSolution
		HideSolutionNode = FALSE
	EndGlobalSection
	GlobalSection(NestedProjects) = preSolution
		{CBCFAFF3-A3B1-4C41-B2D1-092BF7307A4E} = {95D4B35E-0A21-4D64-8BAF-27DD6C019FC5}
		{1258544C-1FDE-4810-9A1B-189A925E9B45} = {C4842A1B-019E-40FF-A396-CF5AFDE8FA54}
		{71521E54-158D-45D7-8746-4905E6B3EB21} = {60B279C6-091B-4F3E-B21F-D71001C94660}
		{71521E54-158D-45D7-8746-4905E6B3EB22} = {60B279C6-091B-4F3E-B21F-D71001C94660}
		{58950EDB-2A33-4503-9ACF-C3DF5B129B82} = {60B279C6-091B-4F3E-B21F-D71001C94660}
		{F8BC68FE-2F44-4AB5-AD31-7B39376A616B} = {60B279C6-091B-4F3E-B21F-D71001C94660}
	EndGlobalSection
	GlobalSection(ExtensibilityGlobals) = postSolution
		SolutionGuid = {55FD25E0-565D-49F9-9370-28DA7196E539}
	EndGlobalSection
EndGlobal
