
Microsoft Visual Studio Solution File, Format Version 12.00
# Visual Studio Version 16
VisualStudioVersion = 16.0.29609.76
MinimumVisualStudioVersion = 15.0.26124.0
Project("{9A19103F-16F7-4668-BE54-9A1E7A4F7556}") = "Attributes", "attributes\Attributes.csproj", "{1342040D-42E1-4013-A44C-0B0F2B48F710}"
EndProject
Project("{9A19103F-16F7-4668-BE54-9A1E7A4F7556}") = "CustomAttribute", "custom-attribute\CustomAttribute.csproj", "{D4FAC544-6528-47A0-9779-870B996A02E5}"
EndProject
Project("{9A19103F-16F7-4668-BE54-9A1E7A4F7556}") = "CustomConvention", "custom-conventions\CustomConvention.csproj", "{40655CFD-F704-4851-913B-AC17C0540D98}"
EndProject
Project("{2150E333-8FDC-42A3-9474-1A3956D46DE8}") = "dependency-injection", "dependency-injection", "{E03982B3-80F2-4D55-9501-378EACE93E5B}"
EndProject
Project("{9A19103F-16F7-4668-BE54-9A1E7A4F7556}") = "GenericHostDI", "dependency-injection\generic-host\GenericHostDI.csproj", "{8A8A1C2F-2A9B-4F78-866A-677A126B846C}"
EndProject
Project("{9A19103F-16F7-4668-BE54-9A1E7A4F7556}") = "CustomServices", "dependency-injection\custom\CustomServices.csproj", "{3D6570C6-11DC-40E7-9C96-8936D23C606A}"
EndProject
Project("{9A19103F-16F7-4668-BE54-9A1E7A4F7556}") = "StandardServices", "dependency-injection\standard\StandardServices.csproj", "{D5812A40-7F2B-4F63-88A9-483784020E56}"
EndProject
Project("{9A19103F-16F7-4668-BE54-9A1E7A4F7556}") = "AsyncAttributes", "helloworld-async-attributes\AsyncAttributes.csproj", "{64DDA594-9246-49FC-A658-9F76C99B5A4B}"
EndProject
Project("{9A19103F-16F7-4668-BE54-9A1E7A4F7556}") = "AsyncBuilderApi", "helloworld-async\AsyncBuilderApi.csproj", "{BF3212D0-7C07-498C-B009-AB9B60F9A3BB}"
EndProject
Project("{9A19103F-16F7-4668-BE54-9A1E7A4F7556}") = "Prompt", "interactive-prompts\Prompt.csproj", "{CC556F31-D0AC-4936-B9EA-AC93B25ABF5F}"
EndProject
Project("{2150E333-8FDC-42A3-9474-1A3956D46DE8}") = "response-file-parsing", "response-file-parsing", "{56F5138A-2629-473C-A79A-F57D4A6D0C83}"
EndProject
Project("{9A19103F-16F7-4668-BE54-9A1E7A4F7556}") = "RspAttributes", "response-file-parsing\attributes\RspAttributes.csproj", "{573AC968-9B8F-462D-8FF1-7A1584E9F5BE}"
EndProject
Project("{9A19103F-16F7-4668-BE54-9A1E7A4F7556}") = "RspBuilderApi", "response-file-parsing\builder-api\RspBuilderApi.csproj", "{6259FE84-3559-45EC-B482-28551DDBA041}"
EndProject
Project("{2150E333-8FDC-42A3-9474-1A3956D46DE8}") = "subcommands", "subcommands", "{E6049162-CBBC-4A4F-858E-15D8AE3574BF}"
EndProject
Project("{9A19103F-16F7-4668-BE54-9A1E7A4F7556}") = "BuilderApiSubcommands", "subcommands\builder-api\BuilderApiSubcommands.csproj", "{0BBF8830-66EB-4D0E-81AF-4EF4E2E70982}"
EndProject
Project("{9A19103F-16F7-4668-BE54-9A1E7A4F7556}") = "InheritanceSubcommands", "subcommands\inheritance\InheritanceSubcommands.csproj", "{BE3D46B6-9481-45CA-BE81-C8A8857879D6}"
EndProject
Project("{9A19103F-16F7-4668-BE54-9A1E7A4F7556}") = "NestedTypeSubcommands", "subcommands\nested-types\NestedTypeSubcommands.csproj", "{38D690F0-025F-4A60-B5F9-F22FE9445F62}"
EndProject
Project("{2150E333-8FDC-42A3-9474-1A3956D46DE8}") = "validation", "validation", "{C34F685A-0C1F-4FF4-90F0-4A12C98E9067}"
EndProject
Project("{9A19103F-16F7-4668-BE54-9A1E7A4F7556}") = "ValidationAttributes", "validation\attributes\ValidationAttributes.csproj", "{EF23CAC9-C537-4CFB-8263-31632ABF8091}"
EndProject
Project("{9A19103F-16F7-4668-BE54-9A1E7A4F7556}") = "ValidationBuilderApi", "validation\builder-api\ValidationBuilderApi.csproj", "{5F46A3E6-C4B5-4664-BD74-C9E3F24F2FA4}"
EndProject
Project("{9A19103F-16F7-4668-BE54-9A1E7A4F7556}") = "Pager", "pager\Pager.csproj", "{09A117CB-B30F-4701-9277-321FC5E62840}"
EndProject
Project("{9A19103F-16F7-4668-BE54-9A1E7A4F7556}") = "McMaster.Extensions.CommandLineUtils", "..\..\src\CommandLineUtils\McMaster.Extensions.CommandLineUtils.csproj", "{289BEC92-5FB8-4DBB-9B9B-EB9452034121}"
EndProject
Project("{2150E333-8FDC-42A3-9474-1A3956D46DE8}") = "passthru-args", "passthru-args", "{75E74B42-039E-4661-B39C-160363B6884A}"
EndProject
Project("{9A19103F-16F7-4668-BE54-9A1E7A4F7556}") = "BuilderApiPassThru", "passthru-args\builder-api\BuilderApiPassThru.csproj", "{24EFFC95-EA40-4684-8036-5E577E0295F5}"
EndProject
Project("{9A19103F-16F7-4668-BE54-9A1E7A4F7556}") = "AttributesPassThru", "passthru-args\attributes\AttributesPassThru.csproj", "{1EE15348-5FF4-4988-AEA4-3E267ED4C288}"
EndProject
Project("{9A19103F-16F7-4668-BE54-9A1E7A4F7556}") = "McMaster.Extensions.Hosting.CommandLine", "..\..\src\Hosting.CommandLine\McMaster.Extensions.Hosting.CommandLine.csproj", "{EA3C7CF5-2986-4E24-BD1A-7E45EA4E64B9}"
EndProject
Project("{2150E333-8FDC-42A3-9474-1A3956D46DE8}") = "generic-host", "generic-host", "{13EC390A-3D6F-4A7E-A02C-D3CBA197FA40}"
EndProject
Project("{9A19103F-16F7-4668-BE54-9A1E7A4F7556}") = "AttributeApi", "generic-host\AttributeApi\AttributeApi.csproj", "{A4F3D30A-4124-49B0-A888-F81CE682F491}"
EndProject
Project("{9A19103F-16F7-4668-BE54-9A1E7A4F7556}") = "BuilderApi", "generic-host\BuilderApi\BuilderApi.csproj", "{B38FF032-9AFB-481F-A432-DFA7A5100C3A}"
EndProject
Global
	GlobalSection(SolutionConfigurationPlatforms) = preSolution
		Debug|Any CPU = Debug|Any CPU
		Debug|x64 = Debug|x64
		Debug|x86 = Debug|x86
		Release|Any CPU = Release|Any CPU
		Release|x64 = Release|x64
		Release|x86 = Release|x86
	EndGlobalSection
	GlobalSection(ProjectConfigurationPlatforms) = postSolution
		{1342040D-42E1-4013-A44C-0B0F2B48F710}.Debug|Any CPU.ActiveCfg = Debug|Any CPU
		{1342040D-42E1-4013-A44C-0B0F2B48F710}.Debug|Any CPU.Build.0 = Debug|Any CPU
		{1342040D-42E1-4013-A44C-0B0F2B48F710}.Debug|x64.ActiveCfg = Debug|Any CPU
		{1342040D-42E1-4013-A44C-0B0F2B48F710}.Debug|x64.Build.0 = Debug|Any CPU
		{1342040D-42E1-4013-A44C-0B0F2B48F710}.Debug|x86.ActiveCfg = Debug|Any CPU
		{1342040D-42E1-4013-A44C-0B0F2B48F710}.Debug|x86.Build.0 = Debug|Any CPU
		{1342040D-42E1-4013-A44C-0B0F2B48F710}.Release|Any CPU.ActiveCfg = Release|Any CPU
		{1342040D-42E1-4013-A44C-0B0F2B48F710}.Release|Any CPU.Build.0 = Release|Any CPU
		{1342040D-42E1-4013-A44C-0B0F2B48F710}.Release|x64.ActiveCfg = Release|Any CPU
		{1342040D-42E1-4013-A44C-0B0F2B48F710}.Release|x64.Build.0 = Release|Any CPU
		{1342040D-42E1-4013-A44C-0B0F2B48F710}.Release|x86.ActiveCfg = Release|Any CPU
		{1342040D-42E1-4013-A44C-0B0F2B48F710}.Release|x86.Build.0 = Release|Any CPU
		{D4FAC544-6528-47A0-9779-870B996A02E5}.Debug|Any CPU.ActiveCfg = Debug|Any CPU
		{D4FAC544-6528-47A0-9779-870B996A02E5}.Debug|Any CPU.Build.0 = Debug|Any CPU
		{D4FAC544-6528-47A0-9779-870B996A02E5}.Debug|x64.ActiveCfg = Debug|Any CPU
		{D4FAC544-6528-47A0-9779-870B996A02E5}.Debug|x64.Build.0 = Debug|Any CPU
		{D4FAC544-6528-47A0-9779-870B996A02E5}.Debug|x86.ActiveCfg = Debug|Any CPU
		{D4FAC544-6528-47A0-9779-870B996A02E5}.Debug|x86.Build.0 = Debug|Any CPU
		{D4FAC544-6528-47A0-9779-870B996A02E5}.Release|Any CPU.ActiveCfg = Release|Any CPU
		{D4FAC544-6528-47A0-9779-870B996A02E5}.Release|Any CPU.Build.0 = Release|Any CPU
		{D4FAC544-6528-47A0-9779-870B996A02E5}.Release|x64.ActiveCfg = Release|Any CPU
		{D4FAC544-6528-47A0-9779-870B996A02E5}.Release|x64.Build.0 = Release|Any CPU
		{D4FAC544-6528-47A0-9779-870B996A02E5}.Release|x86.ActiveCfg = Release|Any CPU
		{D4FAC544-6528-47A0-9779-870B996A02E5}.Release|x86.Build.0 = Release|Any CPU
		{40655CFD-F704-4851-913B-AC17C0540D98}.Debug|Any CPU.ActiveCfg = Debug|Any CPU
		{40655CFD-F704-4851-913B-AC17C0540D98}.Debug|Any CPU.Build.0 = Debug|Any CPU
		{40655CFD-F704-4851-913B-AC17C0540D98}.Debug|x64.ActiveCfg = Debug|Any CPU
		{40655CFD-F704-4851-913B-AC17C0540D98}.Debug|x64.Build.0 = Debug|Any CPU
		{40655CFD-F704-4851-913B-AC17C0540D98}.Debug|x86.ActiveCfg = Debug|Any CPU
		{40655CFD-F704-4851-913B-AC17C0540D98}.Debug|x86.Build.0 = Debug|Any CPU
		{40655CFD-F704-4851-913B-AC17C0540D98}.Release|Any CPU.ActiveCfg = Release|Any CPU
		{40655CFD-F704-4851-913B-AC17C0540D98}.Release|Any CPU.Build.0 = Release|Any CPU
		{40655CFD-F704-4851-913B-AC17C0540D98}.Release|x64.ActiveCfg = Release|Any CPU
		{40655CFD-F704-4851-913B-AC17C0540D98}.Release|x64.Build.0 = Release|Any CPU
		{40655CFD-F704-4851-913B-AC17C0540D98}.Release|x86.ActiveCfg = Release|Any CPU
		{40655CFD-F704-4851-913B-AC17C0540D98}.Release|x86.Build.0 = Release|Any CPU
		{8A8A1C2F-2A9B-4F78-866A-677A126B846C}.Debug|Any CPU.ActiveCfg = Debug|Any CPU
		{8A8A1C2F-2A9B-4F78-866A-677A126B846C}.Debug|Any CPU.Build.0 = Debug|Any CPU
		{8A8A1C2F-2A9B-4F78-866A-677A126B846C}.Debug|x64.ActiveCfg = Debug|Any CPU
		{8A8A1C2F-2A9B-4F78-866A-677A126B846C}.Debug|x64.Build.0 = Debug|Any CPU
		{8A8A1C2F-2A9B-4F78-866A-677A126B846C}.Debug|x86.ActiveCfg = Debug|Any CPU
		{8A8A1C2F-2A9B-4F78-866A-677A126B846C}.Debug|x86.Build.0 = Debug|Any CPU
		{8A8A1C2F-2A9B-4F78-866A-677A126B846C}.Release|Any CPU.ActiveCfg = Release|Any CPU
		{8A8A1C2F-2A9B-4F78-866A-677A126B846C}.Release|Any CPU.Build.0 = Release|Any CPU
		{8A8A1C2F-2A9B-4F78-866A-677A126B846C}.Release|x64.ActiveCfg = Release|Any CPU
		{8A8A1C2F-2A9B-4F78-866A-677A126B846C}.Release|x64.Build.0 = Release|Any CPU
		{8A8A1C2F-2A9B-4F78-866A-677A126B846C}.Release|x86.ActiveCfg = Release|Any CPU
		{8A8A1C2F-2A9B-4F78-866A-677A126B846C}.Release|x86.Build.0 = Release|Any CPU
		{3D6570C6-11DC-40E7-9C96-8936D23C606A}.Debug|Any CPU.ActiveCfg = Debug|Any CPU
		{3D6570C6-11DC-40E7-9C96-8936D23C606A}.Debug|Any CPU.Build.0 = Debug|Any CPU
		{3D6570C6-11DC-40E7-9C96-8936D23C606A}.Debug|x64.ActiveCfg = Debug|Any CPU
		{3D6570C6-11DC-40E7-9C96-8936D23C606A}.Debug|x64.Build.0 = Debug|Any CPU
		{3D6570C6-11DC-40E7-9C96-8936D23C606A}.Debug|x86.ActiveCfg = Debug|Any CPU
		{3D6570C6-11DC-40E7-9C96-8936D23C606A}.Debug|x86.Build.0 = Debug|Any CPU
		{3D6570C6-11DC-40E7-9C96-8936D23C606A}.Release|Any CPU.ActiveCfg = Release|Any CPU
		{3D6570C6-11DC-40E7-9C96-8936D23C606A}.Release|Any CPU.Build.0 = Release|Any CPU
		{3D6570C6-11DC-40E7-9C96-8936D23C606A}.Release|x64.ActiveCfg = Release|Any CPU
		{3D6570C6-11DC-40E7-9C96-8936D23C606A}.Release|x64.Build.0 = Release|Any CPU
		{3D6570C6-11DC-40E7-9C96-8936D23C606A}.Release|x86.ActiveCfg = Release|Any CPU
		{3D6570C6-11DC-40E7-9C96-8936D23C606A}.Release|x86.Build.0 = Release|Any CPU
		{D5812A40-7F2B-4F63-88A9-483784020E56}.Debug|Any CPU.ActiveCfg = Debug|Any CPU
		{D5812A40-7F2B-4F63-88A9-483784020E56}.Debug|Any CPU.Build.0 = Debug|Any CPU
		{D5812A40-7F2B-4F63-88A9-483784020E56}.Debug|x64.ActiveCfg = Debug|Any CPU
		{D5812A40-7F2B-4F63-88A9-483784020E56}.Debug|x64.Build.0 = Debug|Any CPU
		{D5812A40-7F2B-4F63-88A9-483784020E56}.Debug|x86.ActiveCfg = Debug|Any CPU
		{D5812A40-7F2B-4F63-88A9-483784020E56}.Debug|x86.Build.0 = Debug|Any CPU
		{D5812A40-7F2B-4F63-88A9-483784020E56}.Release|Any CPU.ActiveCfg = Release|Any CPU
		{D5812A40-7F2B-4F63-88A9-483784020E56}.Release|Any CPU.Build.0 = Release|Any CPU
		{D5812A40-7F2B-4F63-88A9-483784020E56}.Release|x64.ActiveCfg = Release|Any CPU
		{D5812A40-7F2B-4F63-88A9-483784020E56}.Release|x64.Build.0 = Release|Any CPU
		{D5812A40-7F2B-4F63-88A9-483784020E56}.Release|x86.ActiveCfg = Release|Any CPU
		{D5812A40-7F2B-4F63-88A9-483784020E56}.Release|x86.Build.0 = Release|Any CPU
		{64DDA594-9246-49FC-A658-9F76C99B5A4B}.Debug|Any CPU.ActiveCfg = Debug|Any CPU
		{64DDA594-9246-49FC-A658-9F76C99B5A4B}.Debug|Any CPU.Build.0 = Debug|Any CPU
		{64DDA594-9246-49FC-A658-9F76C99B5A4B}.Debug|x64.ActiveCfg = Debug|Any CPU
		{64DDA594-9246-49FC-A658-9F76C99B5A4B}.Debug|x64.Build.0 = Debug|Any CPU
		{64DDA594-9246-49FC-A658-9F76C99B5A4B}.Debug|x86.ActiveCfg = Debug|Any CPU
		{64DDA594-9246-49FC-A658-9F76C99B5A4B}.Debug|x86.Build.0 = Debug|Any CPU
		{64DDA594-9246-49FC-A658-9F76C99B5A4B}.Release|Any CPU.ActiveCfg = Release|Any CPU
		{64DDA594-9246-49FC-A658-9F76C99B5A4B}.Release|Any CPU.Build.0 = Release|Any CPU
		{64DDA594-9246-49FC-A658-9F76C99B5A4B}.Release|x64.ActiveCfg = Release|Any CPU
		{64DDA594-9246-49FC-A658-9F76C99B5A4B}.Release|x64.Build.0 = Release|Any CPU
		{64DDA594-9246-49FC-A658-9F76C99B5A4B}.Release|x86.ActiveCfg = Release|Any CPU
		{64DDA594-9246-49FC-A658-9F76C99B5A4B}.Release|x86.Build.0 = Release|Any CPU
		{BF3212D0-7C07-498C-B009-AB9B60F9A3BB}.Debug|Any CPU.ActiveCfg = Debug|Any CPU
		{BF3212D0-7C07-498C-B009-AB9B60F9A3BB}.Debug|Any CPU.Build.0 = Debug|Any CPU
		{BF3212D0-7C07-498C-B009-AB9B60F9A3BB}.Debug|x64.ActiveCfg = Debug|Any CPU
		{BF3212D0-7C07-498C-B009-AB9B60F9A3BB}.Debug|x64.Build.0 = Debug|Any CPU
		{BF3212D0-7C07-498C-B009-AB9B60F9A3BB}.Debug|x86.ActiveCfg = Debug|Any CPU
		{BF3212D0-7C07-498C-B009-AB9B60F9A3BB}.Debug|x86.Build.0 = Debug|Any CPU
		{BF3212D0-7C07-498C-B009-AB9B60F9A3BB}.Release|Any CPU.ActiveCfg = Release|Any CPU
		{BF3212D0-7C07-498C-B009-AB9B60F9A3BB}.Release|Any CPU.Build.0 = Release|Any CPU
		{BF3212D0-7C07-498C-B009-AB9B60F9A3BB}.Release|x64.ActiveCfg = Release|Any CPU
		{BF3212D0-7C07-498C-B009-AB9B60F9A3BB}.Release|x64.Build.0 = Release|Any CPU
		{BF3212D0-7C07-498C-B009-AB9B60F9A3BB}.Release|x86.ActiveCfg = Release|Any CPU
		{BF3212D0-7C07-498C-B009-AB9B60F9A3BB}.Release|x86.Build.0 = Release|Any CPU
		{CC556F31-D0AC-4936-B9EA-AC93B25ABF5F}.Debug|Any CPU.ActiveCfg = Debug|Any CPU
		{CC556F31-D0AC-4936-B9EA-AC93B25ABF5F}.Debug|Any CPU.Build.0 = Debug|Any CPU
		{CC556F31-D0AC-4936-B9EA-AC93B25ABF5F}.Debug|x64.ActiveCfg = Debug|Any CPU
		{CC556F31-D0AC-4936-B9EA-AC93B25ABF5F}.Debug|x64.Build.0 = Debug|Any CPU
		{CC556F31-D0AC-4936-B9EA-AC93B25ABF5F}.Debug|x86.ActiveCfg = Debug|Any CPU
		{CC556F31-D0AC-4936-B9EA-AC93B25ABF5F}.Debug|x86.Build.0 = Debug|Any CPU
		{CC556F31-D0AC-4936-B9EA-AC93B25ABF5F}.Release|Any CPU.ActiveCfg = Release|Any CPU
		{CC556F31-D0AC-4936-B9EA-AC93B25ABF5F}.Release|Any CPU.Build.0 = Release|Any CPU
		{CC556F31-D0AC-4936-B9EA-AC93B25ABF5F}.Release|x64.ActiveCfg = Release|Any CPU
		{CC556F31-D0AC-4936-B9EA-AC93B25ABF5F}.Release|x64.Build.0 = Release|Any CPU
		{CC556F31-D0AC-4936-B9EA-AC93B25ABF5F}.Release|x86.ActiveCfg = Release|Any CPU
		{CC556F31-D0AC-4936-B9EA-AC93B25ABF5F}.Release|x86.Build.0 = Release|Any CPU
		{573AC968-9B8F-462D-8FF1-7A1584E9F5BE}.Debug|Any CPU.ActiveCfg = Debug|Any CPU
		{573AC968-9B8F-462D-8FF1-7A1584E9F5BE}.Debug|Any CPU.Build.0 = Debug|Any CPU
		{573AC968-9B8F-462D-8FF1-7A1584E9F5BE}.Debug|x64.ActiveCfg = Debug|Any CPU
		{573AC968-9B8F-462D-8FF1-7A1584E9F5BE}.Debug|x64.Build.0 = Debug|Any CPU
		{573AC968-9B8F-462D-8FF1-7A1584E9F5BE}.Debug|x86.ActiveCfg = Debug|Any CPU
		{573AC968-9B8F-462D-8FF1-7A1584E9F5BE}.Debug|x86.Build.0 = Debug|Any CPU
		{573AC968-9B8F-462D-8FF1-7A1584E9F5BE}.Release|Any CPU.ActiveCfg = Release|Any CPU
		{573AC968-9B8F-462D-8FF1-7A1584E9F5BE}.Release|Any CPU.Build.0 = Release|Any CPU
		{573AC968-9B8F-462D-8FF1-7A1584E9F5BE}.Release|x64.ActiveCfg = Release|Any CPU
		{573AC968-9B8F-462D-8FF1-7A1584E9F5BE}.Release|x64.Build.0 = Release|Any CPU
		{573AC968-9B8F-462D-8FF1-7A1584E9F5BE}.Release|x86.ActiveCfg = Release|Any CPU
		{573AC968-9B8F-462D-8FF1-7A1584E9F5BE}.Release|x86.Build.0 = Release|Any CPU
		{6259FE84-3559-45EC-B482-28551DDBA041}.Debug|Any CPU.ActiveCfg = Debug|Any CPU
		{6259FE84-3559-45EC-B482-28551DDBA041}.Debug|Any CPU.Build.0 = Debug|Any CPU
		{6259FE84-3559-45EC-B482-28551DDBA041}.Debug|x64.ActiveCfg = Debug|Any CPU
		{6259FE84-3559-45EC-B482-28551DDBA041}.Debug|x64.Build.0 = Debug|Any CPU
		{6259FE84-3559-45EC-B482-28551DDBA041}.Debug|x86.ActiveCfg = Debug|Any CPU
		{6259FE84-3559-45EC-B482-28551DDBA041}.Debug|x86.Build.0 = Debug|Any CPU
		{6259FE84-3559-45EC-B482-28551DDBA041}.Release|Any CPU.ActiveCfg = Release|Any CPU
		{6259FE84-3559-45EC-B482-28551DDBA041}.Release|Any CPU.Build.0 = Release|Any CPU
		{6259FE84-3559-45EC-B482-28551DDBA041}.Release|x64.ActiveCfg = Release|Any CPU
		{6259FE84-3559-45EC-B482-28551DDBA041}.Release|x64.Build.0 = Release|Any CPU
		{6259FE84-3559-45EC-B482-28551DDBA041}.Release|x86.ActiveCfg = Release|Any CPU
		{6259FE84-3559-45EC-B482-28551DDBA041}.Release|x86.Build.0 = Release|Any CPU
		{0BBF8830-66EB-4D0E-81AF-4EF4E2E70982}.Debug|Any CPU.ActiveCfg = Debug|Any CPU
		{0BBF8830-66EB-4D0E-81AF-4EF4E2E70982}.Debug|Any CPU.Build.0 = Debug|Any CPU
		{0BBF8830-66EB-4D0E-81AF-4EF4E2E70982}.Debug|x64.ActiveCfg = Debug|Any CPU
		{0BBF8830-66EB-4D0E-81AF-4EF4E2E70982}.Debug|x64.Build.0 = Debug|Any CPU
		{0BBF8830-66EB-4D0E-81AF-4EF4E2E70982}.Debug|x86.ActiveCfg = Debug|Any CPU
		{0BBF8830-66EB-4D0E-81AF-4EF4E2E70982}.Debug|x86.Build.0 = Debug|Any CPU
		{0BBF8830-66EB-4D0E-81AF-4EF4E2E70982}.Release|Any CPU.ActiveCfg = Release|Any CPU
		{0BBF8830-66EB-4D0E-81AF-4EF4E2E70982}.Release|Any CPU.Build.0 = Release|Any CPU
		{0BBF8830-66EB-4D0E-81AF-4EF4E2E70982}.Release|x64.ActiveCfg = Release|Any CPU
		{0BBF8830-66EB-4D0E-81AF-4EF4E2E70982}.Release|x64.Build.0 = Release|Any CPU
		{0BBF8830-66EB-4D0E-81AF-4EF4E2E70982}.Release|x86.ActiveCfg = Release|Any CPU
		{0BBF8830-66EB-4D0E-81AF-4EF4E2E70982}.Release|x86.Build.0 = Release|Any CPU
		{BE3D46B6-9481-45CA-BE81-C8A8857879D6}.Debug|Any CPU.ActiveCfg = Debug|Any CPU
		{BE3D46B6-9481-45CA-BE81-C8A8857879D6}.Debug|Any CPU.Build.0 = Debug|Any CPU
		{BE3D46B6-9481-45CA-BE81-C8A8857879D6}.Debug|x64.ActiveCfg = Debug|Any CPU
		{BE3D46B6-9481-45CA-BE81-C8A8857879D6}.Debug|x64.Build.0 = Debug|Any CPU
		{BE3D46B6-9481-45CA-BE81-C8A8857879D6}.Debug|x86.ActiveCfg = Debug|Any CPU
		{BE3D46B6-9481-45CA-BE81-C8A8857879D6}.Debug|x86.Build.0 = Debug|Any CPU
		{BE3D46B6-9481-45CA-BE81-C8A8857879D6}.Release|Any CPU.ActiveCfg = Release|Any CPU
		{BE3D46B6-9481-45CA-BE81-C8A8857879D6}.Release|Any CPU.Build.0 = Release|Any CPU
		{BE3D46B6-9481-45CA-BE81-C8A8857879D6}.Release|x64.ActiveCfg = Release|Any CPU
		{BE3D46B6-9481-45CA-BE81-C8A8857879D6}.Release|x64.Build.0 = Release|Any CPU
		{BE3D46B6-9481-45CA-BE81-C8A8857879D6}.Release|x86.ActiveCfg = Release|Any CPU
		{BE3D46B6-9481-45CA-BE81-C8A8857879D6}.Release|x86.Build.0 = Release|Any CPU
		{38D690F0-025F-4A60-B5F9-F22FE9445F62}.Debug|Any CPU.ActiveCfg = Debug|Any CPU
		{38D690F0-025F-4A60-B5F9-F22FE9445F62}.Debug|Any CPU.Build.0 = Debug|Any CPU
		{38D690F0-025F-4A60-B5F9-F22FE9445F62}.Debug|x64.ActiveCfg = Debug|Any CPU
		{38D690F0-025F-4A60-B5F9-F22FE9445F62}.Debug|x64.Build.0 = Debug|Any CPU
		{38D690F0-025F-4A60-B5F9-F22FE9445F62}.Debug|x86.ActiveCfg = Debug|Any CPU
		{38D690F0-025F-4A60-B5F9-F22FE9445F62}.Debug|x86.Build.0 = Debug|Any CPU
		{38D690F0-025F-4A60-B5F9-F22FE9445F62}.Release|Any CPU.ActiveCfg = Release|Any CPU
		{38D690F0-025F-4A60-B5F9-F22FE9445F62}.Release|Any CPU.Build.0 = Release|Any CPU
		{38D690F0-025F-4A60-B5F9-F22FE9445F62}.Release|x64.ActiveCfg = Release|Any CPU
		{38D690F0-025F-4A60-B5F9-F22FE9445F62}.Release|x64.Build.0 = Release|Any CPU
		{38D690F0-025F-4A60-B5F9-F22FE9445F62}.Release|x86.ActiveCfg = Release|Any CPU
		{38D690F0-025F-4A60-B5F9-F22FE9445F62}.Release|x86.Build.0 = Release|Any CPU
		{EF23CAC9-C537-4CFB-8263-31632ABF8091}.Debug|Any CPU.ActiveCfg = Debug|Any CPU
		{EF23CAC9-C537-4CFB-8263-31632ABF8091}.Debug|Any CPU.Build.0 = Debug|Any CPU
		{EF23CAC9-C537-4CFB-8263-31632ABF8091}.Debug|x64.ActiveCfg = Debug|Any CPU
		{EF23CAC9-C537-4CFB-8263-31632ABF8091}.Debug|x64.Build.0 = Debug|Any CPU
		{EF23CAC9-C537-4CFB-8263-31632ABF8091}.Debug|x86.ActiveCfg = Debug|Any CPU
		{EF23CAC9-C537-4CFB-8263-31632ABF8091}.Debug|x86.Build.0 = Debug|Any CPU
		{EF23CAC9-C537-4CFB-8263-31632ABF8091}.Release|Any CPU.ActiveCfg = Release|Any CPU
		{EF23CAC9-C537-4CFB-8263-31632ABF8091}.Release|Any CPU.Build.0 = Release|Any CPU
		{EF23CAC9-C537-4CFB-8263-31632ABF8091}.Release|x64.ActiveCfg = Release|Any CPU
		{EF23CAC9-C537-4CFB-8263-31632ABF8091}.Release|x64.Build.0 = Release|Any CPU
		{EF23CAC9-C537-4CFB-8263-31632ABF8091}.Release|x86.ActiveCfg = Release|Any CPU
		{EF23CAC9-C537-4CFB-8263-31632ABF8091}.Release|x86.Build.0 = Release|Any CPU
		{5F46A3E6-C4B5-4664-BD74-C9E3F24F2FA4}.Debug|Any CPU.ActiveCfg = Debug|Any CPU
		{5F46A3E6-C4B5-4664-BD74-C9E3F24F2FA4}.Debug|Any CPU.Build.0 = Debug|Any CPU
		{5F46A3E6-C4B5-4664-BD74-C9E3F24F2FA4}.Debug|x64.ActiveCfg = Debug|Any CPU
		{5F46A3E6-C4B5-4664-BD74-C9E3F24F2FA4}.Debug|x64.Build.0 = Debug|Any CPU
		{5F46A3E6-C4B5-4664-BD74-C9E3F24F2FA4}.Debug|x86.ActiveCfg = Debug|Any CPU
		{5F46A3E6-C4B5-4664-BD74-C9E3F24F2FA4}.Debug|x86.Build.0 = Debug|Any CPU
		{5F46A3E6-C4B5-4664-BD74-C9E3F24F2FA4}.Release|Any CPU.ActiveCfg = Release|Any CPU
		{5F46A3E6-C4B5-4664-BD74-C9E3F24F2FA4}.Release|Any CPU.Build.0 = Release|Any CPU
		{5F46A3E6-C4B5-4664-BD74-C9E3F24F2FA4}.Release|x64.ActiveCfg = Release|Any CPU
		{5F46A3E6-C4B5-4664-BD74-C9E3F24F2FA4}.Release|x64.Build.0 = Release|Any CPU
		{5F46A3E6-C4B5-4664-BD74-C9E3F24F2FA4}.Release|x86.ActiveCfg = Release|Any CPU
		{5F46A3E6-C4B5-4664-BD74-C9E3F24F2FA4}.Release|x86.Build.0 = Release|Any CPU
		{09A117CB-B30F-4701-9277-321FC5E62840}.Debug|Any CPU.ActiveCfg = Debug|Any CPU
		{09A117CB-B30F-4701-9277-321FC5E62840}.Debug|Any CPU.Build.0 = Debug|Any CPU
		{09A117CB-B30F-4701-9277-321FC5E62840}.Debug|x64.ActiveCfg = Debug|Any CPU
		{09A117CB-B30F-4701-9277-321FC5E62840}.Debug|x64.Build.0 = Debug|Any CPU
		{09A117CB-B30F-4701-9277-321FC5E62840}.Debug|x86.ActiveCfg = Debug|Any CPU
		{09A117CB-B30F-4701-9277-321FC5E62840}.Debug|x86.Build.0 = Debug|Any CPU
		{09A117CB-B30F-4701-9277-321FC5E62840}.Release|Any CPU.ActiveCfg = Release|Any CPU
		{09A117CB-B30F-4701-9277-321FC5E62840}.Release|Any CPU.Build.0 = Release|Any CPU
		{09A117CB-B30F-4701-9277-321FC5E62840}.Release|x64.ActiveCfg = Release|Any CPU
		{09A117CB-B30F-4701-9277-321FC5E62840}.Release|x64.Build.0 = Release|Any CPU
		{09A117CB-B30F-4701-9277-321FC5E62840}.Release|x86.ActiveCfg = Release|Any CPU
		{09A117CB-B30F-4701-9277-321FC5E62840}.Release|x86.Build.0 = Release|Any CPU
		{289BEC92-5FB8-4DBB-9B9B-EB9452034121}.Debug|Any CPU.ActiveCfg = Debug|Any CPU
		{289BEC92-5FB8-4DBB-9B9B-EB9452034121}.Debug|Any CPU.Build.0 = Debug|Any CPU
		{289BEC92-5FB8-4DBB-9B9B-EB9452034121}.Debug|x64.ActiveCfg = Debug|Any CPU
		{289BEC92-5FB8-4DBB-9B9B-EB9452034121}.Debug|x64.Build.0 = Debug|Any CPU
		{289BEC92-5FB8-4DBB-9B9B-EB9452034121}.Debug|x86.ActiveCfg = Debug|Any CPU
		{289BEC92-5FB8-4DBB-9B9B-EB9452034121}.Debug|x86.Build.0 = Debug|Any CPU
		{289BEC92-5FB8-4DBB-9B9B-EB9452034121}.Release|Any CPU.ActiveCfg = Release|Any CPU
		{289BEC92-5FB8-4DBB-9B9B-EB9452034121}.Release|Any CPU.Build.0 = Release|Any CPU
		{289BEC92-5FB8-4DBB-9B9B-EB9452034121}.Release|x64.ActiveCfg = Release|Any CPU
		{289BEC92-5FB8-4DBB-9B9B-EB9452034121}.Release|x64.Build.0 = Release|Any CPU
		{289BEC92-5FB8-4DBB-9B9B-EB9452034121}.Release|x86.ActiveCfg = Release|Any CPU
		{289BEC92-5FB8-4DBB-9B9B-EB9452034121}.Release|x86.Build.0 = Release|Any CPU
		{24EFFC95-EA40-4684-8036-5E577E0295F5}.Debug|Any CPU.ActiveCfg = Debug|Any CPU
		{24EFFC95-EA40-4684-8036-5E577E0295F5}.Debug|Any CPU.Build.0 = Debug|Any CPU
		{24EFFC95-EA40-4684-8036-5E577E0295F5}.Debug|x64.ActiveCfg = Debug|Any CPU
		{24EFFC95-EA40-4684-8036-5E577E0295F5}.Debug|x64.Build.0 = Debug|Any CPU
		{24EFFC95-EA40-4684-8036-5E577E0295F5}.Debug|x86.ActiveCfg = Debug|Any CPU
		{24EFFC95-EA40-4684-8036-5E577E0295F5}.Debug|x86.Build.0 = Debug|Any CPU
		{24EFFC95-EA40-4684-8036-5E577E0295F5}.Release|Any CPU.ActiveCfg = Release|Any CPU
		{24EFFC95-EA40-4684-8036-5E577E0295F5}.Release|Any CPU.Build.0 = Release|Any CPU
		{24EFFC95-EA40-4684-8036-5E577E0295F5}.Release|x64.ActiveCfg = Release|Any CPU
		{24EFFC95-EA40-4684-8036-5E577E0295F5}.Release|x64.Build.0 = Release|Any CPU
		{24EFFC95-EA40-4684-8036-5E577E0295F5}.Release|x86.ActiveCfg = Release|Any CPU
		{24EFFC95-EA40-4684-8036-5E577E0295F5}.Release|x86.Build.0 = Release|Any CPU
		{1EE15348-5FF4-4988-AEA4-3E267ED4C288}.Debug|Any CPU.ActiveCfg = Debug|Any CPU
		{1EE15348-5FF4-4988-AEA4-3E267ED4C288}.Debug|Any CPU.Build.0 = Debug|Any CPU
		{1EE15348-5FF4-4988-AEA4-3E267ED4C288}.Debug|x64.ActiveCfg = Debug|Any CPU
		{1EE15348-5FF4-4988-AEA4-3E267ED4C288}.Debug|x64.Build.0 = Debug|Any CPU
		{1EE15348-5FF4-4988-AEA4-3E267ED4C288}.Debug|x86.ActiveCfg = Debug|Any CPU
		{1EE15348-5FF4-4988-AEA4-3E267ED4C288}.Debug|x86.Build.0 = Debug|Any CPU
		{1EE15348-5FF4-4988-AEA4-3E267ED4C288}.Release|Any CPU.ActiveCfg = Release|Any CPU
		{1EE15348-5FF4-4988-AEA4-3E267ED4C288}.Release|Any CPU.Build.0 = Release|Any CPU
		{1EE15348-5FF4-4988-AEA4-3E267ED4C288}.Release|x64.ActiveCfg = Release|Any CPU
		{1EE15348-5FF4-4988-AEA4-3E267ED4C288}.Release|x64.Build.0 = Release|Any CPU
		{1EE15348-5FF4-4988-AEA4-3E267ED4C288}.Release|x86.ActiveCfg = Release|Any CPU
		{1EE15348-5FF4-4988-AEA4-3E267ED4C288}.Release|x86.Build.0 = Release|Any CPU
		{EA3C7CF5-2986-4E24-BD1A-7E45EA4E64B9}.Debug|Any CPU.ActiveCfg = Debug|Any CPU
		{EA3C7CF5-2986-4E24-BD1A-7E45EA4E64B9}.Debug|Any CPU.Build.0 = Debug|Any CPU
		{EA3C7CF5-2986-4E24-BD1A-7E45EA4E64B9}.Debug|x64.ActiveCfg = Debug|Any CPU
		{EA3C7CF5-2986-4E24-BD1A-7E45EA4E64B9}.Debug|x64.Build.0 = Debug|Any CPU
		{EA3C7CF5-2986-4E24-BD1A-7E45EA4E64B9}.Debug|x86.ActiveCfg = Debug|Any CPU
		{EA3C7CF5-2986-4E24-BD1A-7E45EA4E64B9}.Debug|x86.Build.0 = Debug|Any CPU
		{EA3C7CF5-2986-4E24-BD1A-7E45EA4E64B9}.Release|Any CPU.ActiveCfg = Release|Any CPU
		{EA3C7CF5-2986-4E24-BD1A-7E45EA4E64B9}.Release|Any CPU.Build.0 = Release|Any CPU
		{EA3C7CF5-2986-4E24-BD1A-7E45EA4E64B9}.Release|x64.ActiveCfg = Release|Any CPU
		{EA3C7CF5-2986-4E24-BD1A-7E45EA4E64B9}.Release|x64.Build.0 = Release|Any CPU
		{EA3C7CF5-2986-4E24-BD1A-7E45EA4E64B9}.Release|x86.ActiveCfg = Release|Any CPU
		{EA3C7CF5-2986-4E24-BD1A-7E45EA4E64B9}.Release|x86.Build.0 = Release|Any CPU
		{A4F3D30A-4124-49B0-A888-F81CE682F491}.Debug|Any CPU.ActiveCfg = Debug|Any CPU
		{A4F3D30A-4124-49B0-A888-F81CE682F491}.Debug|Any CPU.Build.0 = Debug|Any CPU
		{A4F3D30A-4124-49B0-A888-F81CE682F491}.Debug|x64.ActiveCfg = Debug|Any CPU
		{A4F3D30A-4124-49B0-A888-F81CE682F491}.Debug|x64.Build.0 = Debug|Any CPU
		{A4F3D30A-4124-49B0-A888-F81CE682F491}.Debug|x86.ActiveCfg = Debug|Any CPU
		{A4F3D30A-4124-49B0-A888-F81CE682F491}.Debug|x86.Build.0 = Debug|Any CPU
		{A4F3D30A-4124-49B0-A888-F81CE682F491}.Release|Any CPU.ActiveCfg = Release|Any CPU
		{A4F3D30A-4124-49B0-A888-F81CE682F491}.Release|Any CPU.Build.0 = Release|Any CPU
		{A4F3D30A-4124-49B0-A888-F81CE682F491}.Release|x64.ActiveCfg = Release|Any CPU
		{A4F3D30A-4124-49B0-A888-F81CE682F491}.Release|x64.Build.0 = Release|Any CPU
		{A4F3D30A-4124-49B0-A888-F81CE682F491}.Release|x86.ActiveCfg = Release|Any CPU
		{A4F3D30A-4124-49B0-A888-F81CE682F491}.Release|x86.Build.0 = Release|Any CPU
		{B38FF032-9AFB-481F-A432-DFA7A5100C3A}.Debug|Any CPU.ActiveCfg = Debug|Any CPU
		{B38FF032-9AFB-481F-A432-DFA7A5100C3A}.Debug|Any CPU.Build.0 = Debug|Any CPU
		{B38FF032-9AFB-481F-A432-DFA7A5100C3A}.Debug|x64.ActiveCfg = Debug|Any CPU
		{B38FF032-9AFB-481F-A432-DFA7A5100C3A}.Debug|x64.Build.0 = Debug|Any CPU
		{B38FF032-9AFB-481F-A432-DFA7A5100C3A}.Debug|x86.ActiveCfg = Debug|Any CPU
		{B38FF032-9AFB-481F-A432-DFA7A5100C3A}.Debug|x86.Build.0 = Debug|Any CPU
		{B38FF032-9AFB-481F-A432-DFA7A5100C3A}.Release|Any CPU.ActiveCfg = Release|Any CPU
		{B38FF032-9AFB-481F-A432-DFA7A5100C3A}.Release|Any CPU.Build.0 = Release|Any CPU
		{B38FF032-9AFB-481F-A432-DFA7A5100C3A}.Release|x64.ActiveCfg = Release|Any CPU
		{B38FF032-9AFB-481F-A432-DFA7A5100C3A}.Release|x64.Build.0 = Release|Any CPU
		{B38FF032-9AFB-481F-A432-DFA7A5100C3A}.Release|x86.ActiveCfg = Release|Any CPU
		{B38FF032-9AFB-481F-A432-DFA7A5100C3A}.Release|x86.Build.0 = Release|Any CPU
	EndGlobalSection
	GlobalSection(SolutionProperties) = preSolution
		HideSolutionNode = FALSE
	EndGlobalSection
	GlobalSection(NestedProjects) = preSolution
		{8A8A1C2F-2A9B-4F78-866A-677A126B846C} = {E03982B3-80F2-4D55-9501-378EACE93E5B}
		{3D6570C6-11DC-40E7-9C96-8936D23C606A} = {E03982B3-80F2-4D55-9501-378EACE93E5B}
		{D5812A40-7F2B-4F63-88A9-483784020E56} = {E03982B3-80F2-4D55-9501-378EACE93E5B}
		{573AC968-9B8F-462D-8FF1-7A1584E9F5BE} = {56F5138A-2629-473C-A79A-F57D4A6D0C83}
		{6259FE84-3559-45EC-B482-28551DDBA041} = {56F5138A-2629-473C-A79A-F57D4A6D0C83}
		{0BBF8830-66EB-4D0E-81AF-4EF4E2E70982} = {E6049162-CBBC-4A4F-858E-15D8AE3574BF}
		{BE3D46B6-9481-45CA-BE81-C8A8857879D6} = {E6049162-CBBC-4A4F-858E-15D8AE3574BF}
		{38D690F0-025F-4A60-B5F9-F22FE9445F62} = {E6049162-CBBC-4A4F-858E-15D8AE3574BF}
		{EF23CAC9-C537-4CFB-8263-31632ABF8091} = {C34F685A-0C1F-4FF4-90F0-4A12C98E9067}
		{5F46A3E6-C4B5-4664-BD74-C9E3F24F2FA4} = {C34F685A-0C1F-4FF4-90F0-4A12C98E9067}
		{24EFFC95-EA40-4684-8036-5E577E0295F5} = {75E74B42-039E-4661-B39C-160363B6884A}
		{1EE15348-5FF4-4988-AEA4-3E267ED4C288} = {75E74B42-039E-4661-B39C-160363B6884A}
		{A4F3D30A-4124-49B0-A888-F81CE682F491} = {13EC390A-3D6F-4A7E-A02C-D3CBA197FA40}
		{B38FF032-9AFB-481F-A432-DFA7A5100C3A} = {13EC390A-3D6F-4A7E-A02C-D3CBA197FA40}
	EndGlobalSection
	GlobalSection(ExtensibilityGlobals) = postSolution
		SolutionGuid = {43B81702-C1EF-43B6-B57D-C630AD1F555D}
	EndGlobalSection
EndGlobal
