
Microsoft Visual Studio Solution File, Format Version 12.00
# Visual Studio 15
VisualStudioVersion = 15.0.26124.0
MinimumVisualStudioVersion = 15.0.26124.0
Project("{FAE04EC0-301F-11D3-BF4B-00C04F79EFBC}") = "Attributes", "attributes\Attributes.csproj", "{1342040D-42E1-4013-A44C-0B0F2B48F710}"
EndProject
Project("{FAE04EC0-301F-11D3-BF4B-00C04F79EFBC}") = "CustomAttribute", "custom-attribute\CustomAttribute.csproj", "{D4FAC544-6528-47A0-9779-870B996A02E5}"
EndProject
Project("{FAE04EC0-301F-11D3-BF4B-00C04F79EFBC}") = "CustomConvention", "custom-conventions\CustomConvention.csproj", "{40655CFD-F704-4851-913B-AC17C0540D98}"
EndProject
Project("{2150E333-8FDC-42A3-9474-1A3956D46DE8}") = "dependency-injection", "dependency-injection", "{E03982B3-80F2-4D55-9501-378EACE93E5B}"
EndProject
Project("{FAE04EC0-301F-11D3-BF4B-00C04F79EFBC}") = "CustomServices", "dependency-injection\custom\CustomServices.csproj", "{3D6570C6-11DC-40E7-9C96-8936D23C606A}"
EndProject
Project("{FAE04EC0-301F-11D3-BF4B-00C04F79EFBC}") = "StandardServices", "dependency-injection\standard\StandardServices.csproj", "{D5812A40-7F2B-4F63-88A9-483784020E56}"
EndProject
Project("{FAE04EC0-301F-11D3-BF4B-00C04F79EFBC}") = "AsyncAttributes", "helloworld-async-attributes\AsyncAttributes.csproj", "{64DDA594-9246-49FC-A658-9F76C99B5A4B}"
EndProject
Project("{FAE04EC0-301F-11D3-BF4B-00C04F79EFBC}") = "AsyncBuilderApi", "helloworld-async\AsyncBuilderApi.csproj", "{BF3212D0-7C07-498C-B009-AB9B60F9A3BB}"
EndProject
Project("{FAE04EC0-301F-11D3-BF4B-00C04F79EFBC}") = "Prompt", "interactive-prompts\Prompt.csproj", "{CC556F31-D0AC-4936-B9EA-AC93B25ABF5F}"
EndProject
Project("{2150E333-8FDC-42A3-9474-1A3956D46DE8}") = "response-file-parsing", "response-file-parsing", "{56F5138A-2629-473C-A79A-F57D4A6D0C83}"
EndProject
Project("{FAE04EC0-301F-11D3-BF4B-00C04F79EFBC}") = "RspAttributes", "response-file-parsing\attributes\RspAttributes.csproj", "{573AC968-9B8F-462D-8FF1-7A1584E9F5BE}"
EndProject
Project("{FAE04EC0-301F-11D3-BF4B-00C04F79EFBC}") = "RspBuilderApi", "response-file-parsing\builder-api\RspBuilderApi.csproj", "{6259FE84-3559-45EC-B482-28551DDBA041}"
EndProject
Project("{2150E333-8FDC-42A3-9474-1A3956D46DE8}") = "subcommands", "subcommands", "{E6049162-CBBC-4A4F-858E-15D8AE3574BF}"
EndProject
Project("{FAE04EC0-301F-11D3-BF4B-00C04F79EFBC}") = "BuilderApiSubcommands", "subcommands\builder-api\BuilderApiSubcommands.csproj", "{0BBF8830-66EB-4D0E-81AF-4EF4E2E70982}"
EndProject
Project("{FAE04EC0-301F-11D3-BF4B-00C04F79EFBC}") = "InheritanceSubcommands", "subcommands\inheritance\InheritanceSubcommands.csproj", "{BE3D46B6-9481-45CA-BE81-C8A8857879D6}"
EndProject
Project("{FAE04EC0-301F-11D3-BF4B-00C04F79EFBC}") = "NestedTypeSubcommands", "subcommands\nested-types\NestedTypeSubcommands.csproj", "{38D690F0-025F-4A60-B5F9-F22FE9445F62}"
EndProject
Project("{2150E333-8FDC-42A3-9474-1A3956D46DE8}") = "validation", "validation", "{C34F685A-0C1F-4FF4-90F0-4A12C98E9067}"
EndProject
Project("{FAE04EC0-301F-11D3-BF4B-00C04F79EFBC}") = "ValidationAttributes", "validation\attributes\ValidationAttributes.csproj", "{EF23CAC9-C537-4CFB-8263-31632ABF8091}"
EndProject
Project("{FAE04EC0-301F-11D3-BF4B-00C04F79EFBC}") = "ValidationBuilderApi", "validation\builder-api\ValidationBuilderApi.csproj", "{5F46A3E6-C4B5-4664-BD74-C9E3F24F2FA4}"
EndProject
Global
	GlobalSection(SolutionConfigurationPlatforms) = preSolution
		Debug|Any CPU = Debug|Any CPU
		Debug|x64 = Debug|x64
		Debug|x86 = Debug|x86
		Release|Any CPU = Release|Any CPU
		Release|x64 = Release|x64
		Release|x86 = Release|x86
	EndGlobalSection
	GlobalSection(SolutionProperties) = preSolution
		HideSolutionNode = FALSE
	EndGlobalSection
	GlobalSection(ProjectConfigurationPlatforms) = postSolution
		{1342040D-42E1-4013-A44C-0B0F2B48F710}.Debug|Any CPU.ActiveCfg = Debug|Any CPU
		{1342040D-42E1-4013-A44C-0B0F2B48F710}.Debug|Any CPU.Build.0 = Debug|Any CPU
		{1342040D-42E1-4013-A44C-0B0F2B48F710}.Debug|x64.ActiveCfg = Debug|Any CPU
		{1342040D-42E1-4013-A44C-0B0F2B48F710}.Debug|x64.Build.0 = Debug|Any CPU
		{1342040D-42E1-4013-A44C-0B0F2B48F710}.Debug|x86.ActiveCfg = Debug|Any CPU
		{1342040D-42E1-4013-A44C-0B0F2B48F710}.Debug|x86.Build.0 = Debug|Any CPU
		{1342040D-42E1-4013-A44C-0B0F2B48F710}.Release|Any CPU.ActiveCfg = Release|Any CPU
		{1342040D-42E1-4013-A44C-0B0F2B48F710}.Release|Any CPU.Build.0 = Release|Any CPU
		{1342040D-42E1-4013-A44C-0B0F2B48F710}.Release|x64.ActiveCfg = Release|Any CPU
		{1342040D-42E1-4013-A44C-0B0F2B48F710}.Release|x64.Build.0 = Release|Any CPU
		{1342040D-42E1-4013-A44C-0B0F2B48F710}.Release|x86.ActiveCfg = Release|Any CPU
		{1342040D-42E1-4013-A44C-0B0F2B48F710}.Release|x86.Build.0 = Release|Any CPU
		{D4FAC544-6528-47A0-9779-870B996A02E5}.Debug|Any CPU.ActiveCfg = Debug|Any CPU
		{D4FAC544-6528-47A0-9779-870B996A02E5}.Debug|Any CPU.Build.0 = Debug|Any CPU
		{D4FAC544-6528-47A0-9779-870B996A02E5}.Debug|x64.ActiveCfg = Debug|Any CPU
		{D4FAC544-6528-47A0-9779-870B996A02E5}.Debug|x64.Build.0 = Debug|Any CPU
		{D4FAC544-6528-47A0-9779-870B996A02E5}.Debug|x86.ActiveCfg = Debug|Any CPU
		{D4FAC544-6528-47A0-9779-870B996A02E5}.Debug|x86.Build.0 = Debug|Any CPU
		{D4FAC544-6528-47A0-9779-870B996A02E5}.Release|Any CPU.ActiveCfg = Release|Any CPU
		{D4FAC544-6528-47A0-9779-870B996A02E5}.Release|Any CPU.Build.0 = Release|Any CPU
		{D4FAC544-6528-47A0-9779-870B996A02E5}.Release|x64.ActiveCfg = Release|Any CPU
		{D4FAC544-6528-47A0-9779-870B996A02E5}.Release|x64.Build.0 = Release|Any CPU
		{D4FAC544-6528-47A0-9779-870B996A02E5}.Release|x86.ActiveCfg = Release|Any CPU
		{D4FAC544-6528-47A0-9779-870B996A02E5}.Release|x86.Build.0 = Release|Any CPU
		{40655CFD-F704-4851-913B-AC17C0540D98}.Debug|Any CPU.ActiveCfg = Debug|Any CPU
		{40655CFD-F704-4851-913B-AC17C0540D98}.Debug|Any CPU.Build.0 = Debug|Any CPU
		{40655CFD-F704-4851-913B-AC17C0540D98}.Debug|x64.ActiveCfg = Debug|Any CPU
		{40655CFD-F704-4851-913B-AC17C0540D98}.Debug|x64.Build.0 = Debug|Any CPU
		{40655CFD-F704-4851-913B-AC17C0540D98}.Debug|x86.ActiveCfg = Debug|Any CPU
		{40655CFD-F704-4851-913B-AC17C0540D98}.Debug|x86.Build.0 = Debug|Any CPU
		{40655CFD-F704-4851-913B-AC17C0540D98}.Release|Any CPU.ActiveCfg = Release|Any CPU
		{40655CFD-F704-4851-913B-AC17C0540D98}.Release|Any CPU.Build.0 = Release|Any CPU
		{40655CFD-F704-4851-913B-AC17C0540D98}.Release|x64.ActiveCfg = Release|Any CPU
		{40655CFD-F704-4851-913B-AC17C0540D98}.Release|x64.Build.0 = Release|Any CPU
		{40655CFD-F704-4851-913B-AC17C0540D98}.Release|x86.ActiveCfg = Release|Any CPU
		{40655CFD-F704-4851-913B-AC17C0540D98}.Release|x86.Build.0 = Release|Any CPU
		{3D6570C6-11DC-40E7-9C96-8936D23C606A}.Debug|Any CPU.ActiveCfg = Debug|Any CPU
		{3D6570C6-11DC-40E7-9C96-8936D23C606A}.Debug|Any CPU.Build.0 = Debug|Any CPU
		{3D6570C6-11DC-40E7-9C96-8936D23C606A}.Debug|x64.ActiveCfg = Debug|Any CPU
		{3D6570C6-11DC-40E7-9C96-8936D23C606A}.Debug|x64.Build.0 = Debug|Any CPU
		{3D6570C6-11DC-40E7-9C96-8936D23C606A}.Debug|x86.ActiveCfg = Debug|Any CPU
		{3D6570C6-11DC-40E7-9C96-8936D23C606A}.Debug|x86.Build.0 = Debug|Any CPU
		{3D6570C6-11DC-40E7-9C96-8936D23C606A}.Release|Any CPU.ActiveCfg = Release|Any CPU
		{3D6570C6-11DC-40E7-9C96-8936D23C606A}.Release|Any CPU.Build.0 = Release|Any CPU
		{3D6570C6-11DC-40E7-9C96-8936D23C606A}.Release|x64.ActiveCfg = Release|Any CPU
		{3D6570C6-11DC-40E7-9C96-8936D23C606A}.Release|x64.Build.0 = Release|Any CPU
		{3D6570C6-11DC-40E7-9C96-8936D23C606A}.Release|x86.ActiveCfg = Release|Any CPU
		{3D6570C6-11DC-40E7-9C96-8936D23C606A}.Release|x86.Build.0 = Release|Any CPU
		{D5812A40-7F2B-4F63-88A9-483784020E56}.Debug|Any CPU.ActiveCfg = Debug|Any CPU
		{D5812A40-7F2B-4F63-88A9-483784020E56}.Debug|Any CPU.Build.0 = Debug|Any CPU
		{D5812A40-7F2B-4F63-88A9-483784020E56}.Debug|x64.ActiveCfg = Debug|Any CPU
		{D5812A40-7F2B-4F63-88A9-483784020E56}.Debug|x64.Build.0 = Debug|Any CPU
		{D5812A40-7F2B-4F63-88A9-483784020E56}.Debug|x86.ActiveCfg = Debug|Any CPU
		{D5812A40-7F2B-4F63-88A9-483784020E56}.Debug|x86.Build.0 = Debug|Any CPU
		{D5812A40-7F2B-4F63-88A9-483784020E56}.Release|Any CPU.ActiveCfg = Release|Any CPU
		{D5812A40-7F2B-4F63-88A9-483784020E56}.Release|Any CPU.Build.0 = Release|Any CPU
		{D5812A40-7F2B-4F63-88A9-483784020E56}.Release|x64.ActiveCfg = Release|Any CPU
		{D5812A40-7F2B-4F63-88A9-483784020E56}.Release|x64.Build.0 = Release|Any CPU
		{D5812A40-7F2B-4F63-88A9-483784020E56}.Release|x86.ActiveCfg = Release|Any CPU
		{D5812A40-7F2B-4F63-88A9-483784020E56}.Release|x86.Build.0 = Release|Any CPU
		{64DDA594-9246-49FC-A658-9F76C99B5A4B}.Debug|Any CPU.ActiveCfg = Debug|Any CPU
		{64DDA594-9246-49FC-A658-9F76C99B5A4B}.Debug|Any CPU.Build.0 = Debug|Any CPU
		{64DDA594-9246-49FC-A658-9F76C99B5A4B}.Debug|x64.ActiveCfg = Debug|Any CPU
		{64DDA594-9246-49FC-A658-9F76C99B5A4B}.Debug|x64.Build.0 = Debug|Any CPU
		{64DDA594-9246-49FC-A658-9F76C99B5A4B}.Debug|x86.ActiveCfg = Debug|Any CPU
		{64DDA594-9246-49FC-A658-9F76C99B5A4B}.Debug|x86.Build.0 = Debug|Any CPU
		{64DDA594-9246-49FC-A658-9F76C99B5A4B}.Release|Any CPU.ActiveCfg = Release|Any CPU
		{64DDA594-9246-49FC-A658-9F76C99B5A4B}.Release|Any CPU.Build.0 = Release|Any CPU
		{64DDA594-9246-49FC-A658-9F76C99B5A4B}.Release|x64.ActiveCfg = Release|Any CPU
		{64DDA594-9246-49FC-A658-9F76C99B5A4B}.Release|x64.Build.0 = Release|Any CPU
		{64DDA594-9246-49FC-A658-9F76C99B5A4B}.Release|x86.ActiveCfg = Release|Any CPU
		{64DDA594-9246-49FC-A658-9F76C99B5A4B}.Release|x86.Build.0 = Release|Any CPU
		{BF3212D0-7C07-498C-B009-AB9B60F9A3BB}.Debug|Any CPU.ActiveCfg = Debug|Any CPU
		{BF3212D0-7C07-498C-B009-AB9B60F9A3BB}.Debug|Any CPU.Build.0 = Debug|Any CPU
		{BF3212D0-7C07-498C-B009-AB9B60F9A3BB}.Debug|x64.ActiveCfg = Debug|Any CPU
		{BF3212D0-7C07-498C-B009-AB9B60F9A3BB}.Debug|x64.Build.0 = Debug|Any CPU
		{BF3212D0-7C07-498C-B009-AB9B60F9A3BB}.Debug|x86.ActiveCfg = Debug|Any CPU
		{BF3212D0-7C07-498C-B009-AB9B60F9A3BB}.Debug|x86.Build.0 = Debug|Any CPU
		{BF3212D0-7C07-498C-B009-AB9B60F9A3BB}.Release|Any CPU.ActiveCfg = Release|Any CPU
		{BF3212D0-7C07-498C-B009-AB9B60F9A3BB}.Release|Any CPU.Build.0 = Release|Any CPU
		{BF3212D0-7C07-498C-B009-AB9B60F9A3BB}.Release|x64.ActiveCfg = Release|Any CPU
		{BF3212D0-7C07-498C-B009-AB9B60F9A3BB}.Release|x64.Build.0 = Release|Any CPU
		{BF3212D0-7C07-498C-B009-AB9B60F9A3BB}.Release|x86.ActiveCfg = Release|Any CPU
		{BF3212D0-7C07-498C-B009-AB9B60F9A3BB}.Release|x86.Build.0 = Release|Any CPU
		{CC556F31-D0AC-4936-B9EA-AC93B25ABF5F}.Debug|Any CPU.ActiveCfg = Debug|Any CPU
		{CC556F31-D0AC-4936-B9EA-AC93B25ABF5F}.Debug|Any CPU.Build.0 = Debug|Any CPU
		{CC556F31-D0AC-4936-B9EA-AC93B25ABF5F}.Debug|x64.ActiveCfg = Debug|Any CPU
		{CC556F31-D0AC-4936-B9EA-AC93B25ABF5F}.Debug|x64.Build.0 = Debug|Any CPU
		{CC556F31-D0AC-4936-B9EA-AC93B25ABF5F}.Debug|x86.ActiveCfg = Debug|Any CPU
		{CC556F31-D0AC-4936-B9EA-AC93B25ABF5F}.Debug|x86.Build.0 = Debug|Any CPU
		{CC556F31-D0AC-4936-B9EA-AC93B25ABF5F}.Release|Any CPU.ActiveCfg = Release|Any CPU
		{CC556F31-D0AC-4936-B9EA-AC93B25ABF5F}.Release|Any CPU.Build.0 = Release|Any CPU
		{CC556F31-D0AC-4936-B9EA-AC93B25ABF5F}.Release|x64.ActiveCfg = Release|Any CPU
		{CC556F31-D0AC-4936-B9EA-AC93B25ABF5F}.Release|x64.Build.0 = Release|Any CPU
		{CC556F31-D0AC-4936-B9EA-AC93B25ABF5F}.Release|x86.ActiveCfg = Release|Any CPU
		{CC556F31-D0AC-4936-B9EA-AC93B25ABF5F}.Release|x86.Build.0 = Release|Any CPU
		{573AC968-9B8F-462D-8FF1-7A1584E9F5BE}.Debug|Any CPU.ActiveCfg = Debug|Any CPU
		{573AC968-9B8F-462D-8FF1-7A1584E9F5BE}.Debug|Any CPU.Build.0 = Debug|Any CPU
		{573AC968-9B8F-462D-8FF1-7A1584E9F5BE}.Debug|x64.ActiveCfg = Debug|Any CPU
		{573AC968-9B8F-462D-8FF1-7A1584E9F5BE}.Debug|x64.Build.0 = Debug|Any CPU
		{573AC968-9B8F-462D-8FF1-7A1584E9F5BE}.Debug|x86.ActiveCfg = Debug|Any CPU
		{573AC968-9B8F-462D-8FF1-7A1584E9F5BE}.Debug|x86.Build.0 = Debug|Any CPU
		{573AC968-9B8F-462D-8FF1-7A1584E9F5BE}.Release|Any CPU.ActiveCfg = Release|Any CPU
		{573AC968-9B8F-462D-8FF1-7A1584E9F5BE}.Release|Any CPU.Build.0 = Release|Any CPU
		{573AC968-9B8F-462D-8FF1-7A1584E9F5BE}.Release|x64.ActiveCfg = Release|Any CPU
		{573AC968-9B8F-462D-8FF1-7A1584E9F5BE}.Release|x64.Build.0 = Release|Any CPU
		{573AC968-9B8F-462D-8FF1-7A1584E9F5BE}.Release|x86.ActiveCfg = Release|Any CPU
		{573AC968-9B8F-462D-8FF1-7A1584E9F5BE}.Release|x86.Build.0 = Release|Any CPU
		{6259FE84-3559-45EC-B482-28551DDBA041}.Debug|Any CPU.ActiveCfg = Debug|Any CPU
		{6259FE84-3559-45EC-B482-28551DDBA041}.Debug|Any CPU.Build.0 = Debug|Any CPU
		{6259FE84-3559-45EC-B482-28551DDBA041}.Debug|x64.ActiveCfg = Debug|Any CPU
		{6259FE84-3559-45EC-B482-28551DDBA041}.Debug|x64.Build.0 = Debug|Any CPU
		{6259FE84-3559-45EC-B482-28551DDBA041}.Debug|x86.ActiveCfg = Debug|Any CPU
		{6259FE84-3559-45EC-B482-28551DDBA041}.Debug|x86.Build.0 = Debug|Any CPU
		{6259FE84-3559-45EC-B482-28551DDBA041}.Release|Any CPU.ActiveCfg = Release|Any CPU
		{6259FE84-3559-45EC-B482-28551DDBA041}.Release|Any CPU.Build.0 = Release|Any CPU
		{6259FE84-3559-45EC-B482-28551DDBA041}.Release|x64.ActiveCfg = Release|Any CPU
		{6259FE84-3559-45EC-B482-28551DDBA041}.Release|x64.Build.0 = Release|Any CPU
		{6259FE84-3559-45EC-B482-28551DDBA041}.Release|x86.ActiveCfg = Release|Any CPU
		{6259FE84-3559-45EC-B482-28551DDBA041}.Release|x86.Build.0 = Release|Any CPU
		{0BBF8830-66EB-4D0E-81AF-4EF4E2E70982}.Debug|Any CPU.ActiveCfg = Debug|Any CPU
		{0BBF8830-66EB-4D0E-81AF-4EF4E2E70982}.Debug|Any CPU.Build.0 = Debug|Any CPU
		{0BBF8830-66EB-4D0E-81AF-4EF4E2E70982}.Debug|x64.ActiveCfg = Debug|Any CPU
		{0BBF8830-66EB-4D0E-81AF-4EF4E2E70982}.Debug|x64.Build.0 = Debug|Any CPU
		{0BBF8830-66EB-4D0E-81AF-4EF4E2E70982}.Debug|x86.ActiveCfg = Debug|Any CPU
		{0BBF8830-66EB-4D0E-81AF-4EF4E2E70982}.Debug|x86.Build.0 = Debug|Any CPU
		{0BBF8830-66EB-4D0E-81AF-4EF4E2E70982}.Release|Any CPU.ActiveCfg = Release|Any CPU
		{0BBF8830-66EB-4D0E-81AF-4EF4E2E70982}.Release|Any CPU.Build.0 = Release|Any CPU
		{0BBF8830-66EB-4D0E-81AF-4EF4E2E70982}.Release|x64.ActiveCfg = Release|Any CPU
		{0BBF8830-66EB-4D0E-81AF-4EF4E2E70982}.Release|x64.Build.0 = Release|Any CPU
		{0BBF8830-66EB-4D0E-81AF-4EF4E2E70982}.Release|x86.ActiveCfg = Release|Any CPU
		{0BBF8830-66EB-4D0E-81AF-4EF4E2E70982}.Release|x86.Build.0 = Release|Any CPU
		{BE3D46B6-9481-45CA-BE81-C8A8857879D6}.Debug|Any CPU.ActiveCfg = Debug|Any CPU
		{BE3D46B6-9481-45CA-BE81-C8A8857879D6}.Debug|Any CPU.Build.0 = Debug|Any CPU
		{BE3D46B6-9481-45CA-BE81-C8A8857879D6}.Debug|x64.ActiveCfg = Debug|Any CPU
		{BE3D46B6-9481-45CA-BE81-C8A8857879D6}.Debug|x64.Build.0 = Debug|Any CPU
		{BE3D46B6-9481-45CA-BE81-C8A8857879D6}.Debug|x86.ActiveCfg = Debug|Any CPU
		{BE3D46B6-9481-45CA-BE81-C8A8857879D6}.Debug|x86.Build.0 = Debug|Any CPU
		{BE3D46B6-9481-45CA-BE81-C8A8857879D6}.Release|Any CPU.ActiveCfg = Release|Any CPU
		{BE3D46B6-9481-45CA-BE81-C8A8857879D6}.Release|Any CPU.Build.0 = Release|Any CPU
		{BE3D46B6-9481-45CA-BE81-C8A8857879D6}.Release|x64.ActiveCfg = Release|Any CPU
		{BE3D46B6-9481-45CA-BE81-C8A8857879D6}.Release|x64.Build.0 = Release|Any CPU
		{BE3D46B6-9481-45CA-BE81-C8A8857879D6}.Release|x86.ActiveCfg = Release|Any CPU
		{BE3D46B6-9481-45CA-BE81-C8A8857879D6}.Release|x86.Build.0 = Release|Any CPU
		{38D690F0-025F-4A60-B5F9-F22FE9445F62}.Debug|Any CPU.ActiveCfg = Debug|Any CPU
		{38D690F0-025F-4A60-B5F9-F22FE9445F62}.Debug|Any CPU.Build.0 = Debug|Any CPU
		{38D690F0-025F-4A60-B5F9-F22FE9445F62}.Debug|x64.ActiveCfg = Debug|Any CPU
		{38D690F0-025F-4A60-B5F9-F22FE9445F62}.Debug|x64.Build.0 = Debug|Any CPU
		{38D690F0-025F-4A60-B5F9-F22FE9445F62}.Debug|x86.ActiveCfg = Debug|Any CPU
		{38D690F0-025F-4A60-B5F9-F22FE9445F62}.Debug|x86.Build.0 = Debug|Any CPU
		{38D690F0-025F-4A60-B5F9-F22FE9445F62}.Release|Any CPU.ActiveCfg = Release|Any CPU
		{38D690F0-025F-4A60-B5F9-F22FE9445F62}.Release|Any CPU.Build.0 = Release|Any CPU
		{38D690F0-025F-4A60-B5F9-F22FE9445F62}.Release|x64.ActiveCfg = Release|Any CPU
		{38D690F0-025F-4A60-B5F9-F22FE9445F62}.Release|x64.Build.0 = Release|Any CPU
		{38D690F0-025F-4A60-B5F9-F22FE9445F62}.Release|x86.ActiveCfg = Release|Any CPU
		{38D690F0-025F-4A60-B5F9-F22FE9445F62}.Release|x86.Build.0 = Release|Any CPU
		{EF23CAC9-C537-4CFB-8263-31632ABF8091}.Debug|Any CPU.ActiveCfg = Debug|Any CPU
		{EF23CAC9-C537-4CFB-8263-31632ABF8091}.Debug|Any CPU.Build.0 = Debug|Any CPU
		{EF23CAC9-C537-4CFB-8263-31632ABF8091}.Debug|x64.ActiveCfg = Debug|Any CPU
		{EF23CAC9-C537-4CFB-8263-31632ABF8091}.Debug|x64.Build.0 = Debug|Any CPU
		{EF23CAC9-C537-4CFB-8263-31632ABF8091}.Debug|x86.ActiveCfg = Debug|Any CPU
		{EF23CAC9-C537-4CFB-8263-31632ABF8091}.Debug|x86.Build.0 = Debug|Any CPU
		{EF23CAC9-C537-4CFB-8263-31632ABF8091}.Release|Any CPU.ActiveCfg = Release|Any CPU
		{EF23CAC9-C537-4CFB-8263-31632ABF8091}.Release|Any CPU.Build.0 = Release|Any CPU
		{EF23CAC9-C537-4CFB-8263-31632ABF8091}.Release|x64.ActiveCfg = Release|Any CPU
		{EF23CAC9-C537-4CFB-8263-31632ABF8091}.Release|x64.Build.0 = Release|Any CPU
		{EF23CAC9-C537-4CFB-8263-31632ABF8091}.Release|x86.ActiveCfg = Release|Any CPU
		{EF23CAC9-C537-4CFB-8263-31632ABF8091}.Release|x86.Build.0 = Release|Any CPU
		{5F46A3E6-C4B5-4664-BD74-C9E3F24F2FA4}.Debug|Any CPU.ActiveCfg = Debug|Any CPU
		{5F46A3E6-C4B5-4664-BD74-C9E3F24F2FA4}.Debug|Any CPU.Build.0 = Debug|Any CPU
		{5F46A3E6-C4B5-4664-BD74-C9E3F24F2FA4}.Debug|x64.ActiveCfg = Debug|Any CPU
		{5F46A3E6-C4B5-4664-BD74-C9E3F24F2FA4}.Debug|x64.Build.0 = Debug|Any CPU
		{5F46A3E6-C4B5-4664-BD74-C9E3F24F2FA4}.Debug|x86.ActiveCfg = Debug|Any CPU
		{5F46A3E6-C4B5-4664-BD74-C9E3F24F2FA4}.Debug|x86.Build.0 = Debug|Any CPU
		{5F46A3E6-C4B5-4664-BD74-C9E3F24F2FA4}.Release|Any CPU.ActiveCfg = Release|Any CPU
		{5F46A3E6-C4B5-4664-BD74-C9E3F24F2FA4}.Release|Any CPU.Build.0 = Release|Any CPU
		{5F46A3E6-C4B5-4664-BD74-C9E3F24F2FA4}.Release|x64.ActiveCfg = Release|Any CPU
		{5F46A3E6-C4B5-4664-BD74-C9E3F24F2FA4}.Release|x64.Build.0 = Release|Any CPU
		{5F46A3E6-C4B5-4664-BD74-C9E3F24F2FA4}.Release|x86.ActiveCfg = Release|Any CPU
		{5F46A3E6-C4B5-4664-BD74-C9E3F24F2FA4}.Release|x86.Build.0 = Release|Any CPU
	EndGlobalSection
	GlobalSection(NestedProjects) = preSolution
		{3D6570C6-11DC-40E7-9C96-8936D23C606A} = {E03982B3-80F2-4D55-9501-378EACE93E5B}
		{D5812A40-7F2B-4F63-88A9-483784020E56} = {E03982B3-80F2-4D55-9501-378EACE93E5B}
		{573AC968-9B8F-462D-8FF1-7A1584E9F5BE} = {56F5138A-2629-473C-A79A-F57D4A6D0C83}
		{6259FE84-3559-45EC-B482-28551DDBA041} = {56F5138A-2629-473C-A79A-F57D4A6D0C83}
		{0BBF8830-66EB-4D0E-81AF-4EF4E2E70982} = {E6049162-CBBC-4A4F-858E-15D8AE3574BF}
		{BE3D46B6-9481-45CA-BE81-C8A8857879D6} = {E6049162-CBBC-4A4F-858E-15D8AE3574BF}
		{38D690F0-025F-4A60-B5F9-F22FE9445F62} = {E6049162-CBBC-4A4F-858E-15D8AE3574BF}
		{EF23CAC9-C537-4CFB-8263-31632ABF8091} = {C34F685A-0C1F-4FF4-90F0-4A12C98E9067}
		{5F46A3E6-C4B5-4664-BD74-C9E3F24F2FA4} = {C34F685A-0C1F-4FF4-90F0-4A12C98E9067}
	EndGlobalSection
EndGlobal
