
Microsoft Visual Studio Solution File, Format Version 12.00
# Visual Studio 15
VisualStudioVersion = 15.0.26124.0
MinimumVisualStudioVersion = 15.0.26124.0
Project("{2150E333-8FDC-42A3-9474-1A3956D46DE8}") = "async", "async", "{50DE766A-0206-4983-8D33-15B974C42C47}"
EndProject
Project("{FAE04EC0-301F-11D3-BF4B-00C04F79EFBC}") = "AsyncAttributes", "async\attributes\AsyncAttributes.csproj", "{A2F9C375-B756-4B0B-8D8A-34D6BBED6992}"
EndProject
Project("{FAE04EC0-301F-11D3-BF4B-00C04F79EFBC}") = "AsyncBuilderApi", "async\builder-api\AsyncBuilderApi.csproj", "{EA14C169-5F96-4086-A677-A215F6746033}"
EndProject
Project("{FAE04EC0-301F-11D3-BF4B-00C04F79EFBC}") = "Attributes", "attributes\Attributes.csproj", "{635B5B17-5C4C-448E-8A77-66CB96AD8169}"
EndProject
Project("{2150E333-8FDC-42A3-9474-1A3956D46DE8}") = "conventions", "conventions", "{D77B2C5B-649F-4FE6-9A60-146DADF39C82}"
EndProject
Project("{FAE04EC0-301F-11D3-BF4B-00C04F79EFBC}") = "CustomAttribute", "conventions\custom-attribute\CustomAttribute.csproj", "{4DB78378-6E22-4E89-A7CD-EAFEE7EAE761}"
EndProject
Project("{FAE04EC0-301F-11D3-BF4B-00C04F79EFBC}") = "CustomConvention", "conventions\custom\CustomConvention.csproj", "{E33AC681-702A-42AE-80AF-8E4CE057E0FB}"
EndProject
Project("{2150E333-8FDC-42A3-9474-1A3956D46DE8}") = "dependency-injection", "dependency-injection", "{3FB4DE07-BABB-4297-9D4B-BD1BDE415D03}"
EndProject
Project("{FAE04EC0-301F-11D3-BF4B-00C04F79EFBC}") = "CustomServices", "dependency-injection\custom\CustomServices.csproj", "{EE9E529E-5766-4B09-9A4C-35FD9B1D0F43}"
EndProject
Project("{FAE04EC0-301F-11D3-BF4B-00C04F79EFBC}") = "StandardServices", "dependency-injection\standard\StandardServices.csproj", "{3DC99749-3300-434C-BDB8-35FDD99E420E}"
EndProject
Project("{FAE04EC0-301F-11D3-BF4B-00C04F79EFBC}") = "Prompt", "prompt\Prompt.csproj", "{85DEE55C-9D49-405D-9C1C-11F48B5C6C67}"
EndProject
Project("{2150E333-8FDC-42A3-9474-1A3956D46DE8}") = "response-file-parsing", "response-file-parsing", "{E6B47257-CAC4-4E16-86BC-BE1C99BD595C}"
EndProject
Project("{FAE04EC0-301F-11D3-BF4B-00C04F79EFBC}") = "RspAttributes", "response-file-parsing\attributes\RspAttributes.csproj", "{810E64FA-4B58-42F3-8DF4-C562162CE9F6}"
EndProject
Project("{FAE04EC0-301F-11D3-BF4B-00C04F79EFBC}") = "RspBuilderApi", "response-file-parsing\builder-api\RspBuilderApi.csproj", "{B8A0DD5E-EFFA-4730-91A7-B3C6394A3DD9}"
EndProject
Project("{2150E333-8FDC-42A3-9474-1A3956D46DE8}") = "subcommands", "subcommands", "{C48BE569-C053-4276-A936-0AE5B7462A24}"
EndProject
Project("{FAE04EC0-301F-11D3-BF4B-00C04F79EFBC}") = "BuilderApiSubcommands", "subcommands\builder-api\BuilderApiSubcommands.csproj", "{ED006D69-7CB6-4514-A327-B81A5005BBEF}"
EndProject
Project("{FAE04EC0-301F-11D3-BF4B-00C04F79EFBC}") = "InheritanceSubcommands", "subcommands\inheritance\InheritanceSubcommands.csproj", "{28732C76-0E00-4B86-9C6F-90464C2B85FA}"
EndProject
Project("{FAE04EC0-301F-11D3-BF4B-00C04F79EFBC}") = "NestedTypeSubcommands", "subcommands\nested-types\NestedTypeSubcommands.csproj", "{334839A8-E272-41DD-BCC2-FFF69D1F964C}"
EndProject
Project("{2150E333-8FDC-42A3-9474-1A3956D46DE8}") = "validation", "validation", "{E5C8D02F-0085-4E1A-B3AC-DA99AC8BB123}"
EndProject
Project("{FAE04EC0-301F-11D3-BF4B-00C04F79EFBC}") = "ValidationAttributes", "validation\attributes\ValidationAttributes.csproj", "{08DF3B31-E2D9-415F-B4CA-C0E1A9B0101C}"
EndProject
Project("{FAE04EC0-301F-11D3-BF4B-00C04F79EFBC}") = "ValidationBuilderApi", "validation\builder-api\ValidationBuilderApi.csproj", "{728F0654-D800-476C-9DF8-2EAA6F541B26}"
EndProject
Global
	GlobalSection(SolutionConfigurationPlatforms) = preSolution
		Debug|Any CPU = Debug|Any CPU
		Debug|x64 = Debug|x64
		Debug|x86 = Debug|x86
		Release|Any CPU = Release|Any CPU
		Release|x64 = Release|x64
		Release|x86 = Release|x86
	EndGlobalSection
	GlobalSection(SolutionProperties) = preSolution
		HideSolutionNode = FALSE
	EndGlobalSection
	GlobalSection(ProjectConfigurationPlatforms) = postSolution
		{A2F9C375-B756-4B0B-8D8A-34D6BBED6992}.Debug|Any CPU.ActiveCfg = Debug|Any CPU
		{A2F9C375-B756-4B0B-8D8A-34D6BBED6992}.Debug|Any CPU.Build.0 = Debug|Any CPU
		{A2F9C375-B756-4B0B-8D8A-34D6BBED6992}.Debug|x64.ActiveCfg = Debug|Any CPU
		{A2F9C375-B756-4B0B-8D8A-34D6BBED6992}.Debug|x64.Build.0 = Debug|Any CPU
		{A2F9C375-B756-4B0B-8D8A-34D6BBED6992}.Debug|x86.ActiveCfg = Debug|Any CPU
		{A2F9C375-B756-4B0B-8D8A-34D6BBED6992}.Debug|x86.Build.0 = Debug|Any CPU
		{A2F9C375-B756-4B0B-8D8A-34D6BBED6992}.Release|Any CPU.ActiveCfg = Release|Any CPU
		{A2F9C375-B756-4B0B-8D8A-34D6BBED6992}.Release|Any CPU.Build.0 = Release|Any CPU
		{A2F9C375-B756-4B0B-8D8A-34D6BBED6992}.Release|x64.ActiveCfg = Release|Any CPU
		{A2F9C375-B756-4B0B-8D8A-34D6BBED6992}.Release|x64.Build.0 = Release|Any CPU
		{A2F9C375-B756-4B0B-8D8A-34D6BBED6992}.Release|x86.ActiveCfg = Release|Any CPU
		{A2F9C375-B756-4B0B-8D8A-34D6BBED6992}.Release|x86.Build.0 = Release|Any CPU
		{EA14C169-5F96-4086-A677-A215F6746033}.Debug|Any CPU.ActiveCfg = Debug|Any CPU
		{EA14C169-5F96-4086-A677-A215F6746033}.Debug|Any CPU.Build.0 = Debug|Any CPU
		{EA14C169-5F96-4086-A677-A215F6746033}.Debug|x64.ActiveCfg = Debug|Any CPU
		{EA14C169-5F96-4086-A677-A215F6746033}.Debug|x64.Build.0 = Debug|Any CPU
		{EA14C169-5F96-4086-A677-A215F6746033}.Debug|x86.ActiveCfg = Debug|Any CPU
		{EA14C169-5F96-4086-A677-A215F6746033}.Debug|x86.Build.0 = Debug|Any CPU
		{EA14C169-5F96-4086-A677-A215F6746033}.Release|Any CPU.ActiveCfg = Release|Any CPU
		{EA14C169-5F96-4086-A677-A215F6746033}.Release|Any CPU.Build.0 = Release|Any CPU
		{EA14C169-5F96-4086-A677-A215F6746033}.Release|x64.ActiveCfg = Release|Any CPU
		{EA14C169-5F96-4086-A677-A215F6746033}.Release|x64.Build.0 = Release|Any CPU
		{EA14C169-5F96-4086-A677-A215F6746033}.Release|x86.ActiveCfg = Release|Any CPU
		{EA14C169-5F96-4086-A677-A215F6746033}.Release|x86.Build.0 = Release|Any CPU
		{635B5B17-5C4C-448E-8A77-66CB96AD8169}.Debug|Any CPU.ActiveCfg = Debug|Any CPU
		{635B5B17-5C4C-448E-8A77-66CB96AD8169}.Debug|Any CPU.Build.0 = Debug|Any CPU
		{635B5B17-5C4C-448E-8A77-66CB96AD8169}.Debug|x64.ActiveCfg = Debug|Any CPU
		{635B5B17-5C4C-448E-8A77-66CB96AD8169}.Debug|x64.Build.0 = Debug|Any CPU
		{635B5B17-5C4C-448E-8A77-66CB96AD8169}.Debug|x86.ActiveCfg = Debug|Any CPU
		{635B5B17-5C4C-448E-8A77-66CB96AD8169}.Debug|x86.Build.0 = Debug|Any CPU
		{635B5B17-5C4C-448E-8A77-66CB96AD8169}.Release|Any CPU.ActiveCfg = Release|Any CPU
		{635B5B17-5C4C-448E-8A77-66CB96AD8169}.Release|Any CPU.Build.0 = Release|Any CPU
		{635B5B17-5C4C-448E-8A77-66CB96AD8169}.Release|x64.ActiveCfg = Release|Any CPU
		{635B5B17-5C4C-448E-8A77-66CB96AD8169}.Release|x64.Build.0 = Release|Any CPU
		{635B5B17-5C4C-448E-8A77-66CB96AD8169}.Release|x86.ActiveCfg = Release|Any CPU
		{635B5B17-5C4C-448E-8A77-66CB96AD8169}.Release|x86.Build.0 = Release|Any CPU
		{4DB78378-6E22-4E89-A7CD-EAFEE7EAE761}.Debug|Any CPU.ActiveCfg = Debug|Any CPU
		{4DB78378-6E22-4E89-A7CD-EAFEE7EAE761}.Debug|Any CPU.Build.0 = Debug|Any CPU
		{4DB78378-6E22-4E89-A7CD-EAFEE7EAE761}.Debug|x64.ActiveCfg = Debug|Any CPU
		{4DB78378-6E22-4E89-A7CD-EAFEE7EAE761}.Debug|x64.Build.0 = Debug|Any CPU
		{4DB78378-6E22-4E89-A7CD-EAFEE7EAE761}.Debug|x86.ActiveCfg = Debug|Any CPU
		{4DB78378-6E22-4E89-A7CD-EAFEE7EAE761}.Debug|x86.Build.0 = Debug|Any CPU
		{4DB78378-6E22-4E89-A7CD-EAFEE7EAE761}.Release|Any CPU.ActiveCfg = Release|Any CPU
		{4DB78378-6E22-4E89-A7CD-EAFEE7EAE761}.Release|Any CPU.Build.0 = Release|Any CPU
		{4DB78378-6E22-4E89-A7CD-EAFEE7EAE761}.Release|x64.ActiveCfg = Release|Any CPU
		{4DB78378-6E22-4E89-A7CD-EAFEE7EAE761}.Release|x64.Build.0 = Release|Any CPU
		{4DB78378-6E22-4E89-A7CD-EAFEE7EAE761}.Release|x86.ActiveCfg = Release|Any CPU
		{4DB78378-6E22-4E89-A7CD-EAFEE7EAE761}.Release|x86.Build.0 = Release|Any CPU
		{E33AC681-702A-42AE-80AF-8E4CE057E0FB}.Debug|Any CPU.ActiveCfg = Debug|Any CPU
		{E33AC681-702A-42AE-80AF-8E4CE057E0FB}.Debug|Any CPU.Build.0 = Debug|Any CPU
		{E33AC681-702A-42AE-80AF-8E4CE057E0FB}.Debug|x64.ActiveCfg = Debug|Any CPU
		{E33AC681-702A-42AE-80AF-8E4CE057E0FB}.Debug|x64.Build.0 = Debug|Any CPU
		{E33AC681-702A-42AE-80AF-8E4CE057E0FB}.Debug|x86.ActiveCfg = Debug|Any CPU
		{E33AC681-702A-42AE-80AF-8E4CE057E0FB}.Debug|x86.Build.0 = Debug|Any CPU
		{E33AC681-702A-42AE-80AF-8E4CE057E0FB}.Release|Any CPU.ActiveCfg = Release|Any CPU
		{E33AC681-702A-42AE-80AF-8E4CE057E0FB}.Release|Any CPU.Build.0 = Release|Any CPU
		{E33AC681-702A-42AE-80AF-8E4CE057E0FB}.Release|x64.ActiveCfg = Release|Any CPU
		{E33AC681-702A-42AE-80AF-8E4CE057E0FB}.Release|x64.Build.0 = Release|Any CPU
		{E33AC681-702A-42AE-80AF-8E4CE057E0FB}.Release|x86.ActiveCfg = Release|Any CPU
		{E33AC681-702A-42AE-80AF-8E4CE057E0FB}.Release|x86.Build.0 = Release|Any CPU
		{EE9E529E-5766-4B09-9A4C-35FD9B1D0F43}.Debug|Any CPU.ActiveCfg = Debug|Any CPU
		{EE9E529E-5766-4B09-9A4C-35FD9B1D0F43}.Debug|Any CPU.Build.0 = Debug|Any CPU
		{EE9E529E-5766-4B09-9A4C-35FD9B1D0F43}.Debug|x64.ActiveCfg = Debug|Any CPU
		{EE9E529E-5766-4B09-9A4C-35FD9B1D0F43}.Debug|x64.Build.0 = Debug|Any CPU
		{EE9E529E-5766-4B09-9A4C-35FD9B1D0F43}.Debug|x86.ActiveCfg = Debug|Any CPU
		{EE9E529E-5766-4B09-9A4C-35FD9B1D0F43}.Debug|x86.Build.0 = Debug|Any CPU
		{EE9E529E-5766-4B09-9A4C-35FD9B1D0F43}.Release|Any CPU.ActiveCfg = Release|Any CPU
		{EE9E529E-5766-4B09-9A4C-35FD9B1D0F43}.Release|Any CPU.Build.0 = Release|Any CPU
		{EE9E529E-5766-4B09-9A4C-35FD9B1D0F43}.Release|x64.ActiveCfg = Release|Any CPU
		{EE9E529E-5766-4B09-9A4C-35FD9B1D0F43}.Release|x64.Build.0 = Release|Any CPU
		{EE9E529E-5766-4B09-9A4C-35FD9B1D0F43}.Release|x86.ActiveCfg = Release|Any CPU
		{EE9E529E-5766-4B09-9A4C-35FD9B1D0F43}.Release|x86.Build.0 = Release|Any CPU
		{3DC99749-3300-434C-BDB8-35FDD99E420E}.Debug|Any CPU.ActiveCfg = Debug|Any CPU
		{3DC99749-3300-434C-BDB8-35FDD99E420E}.Debug|Any CPU.Build.0 = Debug|Any CPU
		{3DC99749-3300-434C-BDB8-35FDD99E420E}.Debug|x64.ActiveCfg = Debug|Any CPU
		{3DC99749-3300-434C-BDB8-35FDD99E420E}.Debug|x64.Build.0 = Debug|Any CPU
		{3DC99749-3300-434C-BDB8-35FDD99E420E}.Debug|x86.ActiveCfg = Debug|Any CPU
		{3DC99749-3300-434C-BDB8-35FDD99E420E}.Debug|x86.Build.0 = Debug|Any CPU
		{3DC99749-3300-434C-BDB8-35FDD99E420E}.Release|Any CPU.ActiveCfg = Release|Any CPU
		{3DC99749-3300-434C-BDB8-35FDD99E420E}.Release|Any CPU.Build.0 = Release|Any CPU
		{3DC99749-3300-434C-BDB8-35FDD99E420E}.Release|x64.ActiveCfg = Release|Any CPU
		{3DC99749-3300-434C-BDB8-35FDD99E420E}.Release|x64.Build.0 = Release|Any CPU
		{3DC99749-3300-434C-BDB8-35FDD99E420E}.Release|x86.ActiveCfg = Release|Any CPU
		{3DC99749-3300-434C-BDB8-35FDD99E420E}.Release|x86.Build.0 = Release|Any CPU
		{85DEE55C-9D49-405D-9C1C-11F48B5C6C67}.Debug|Any CPU.ActiveCfg = Debug|Any CPU
		{85DEE55C-9D49-405D-9C1C-11F48B5C6C67}.Debug|Any CPU.Build.0 = Debug|Any CPU
		{85DEE55C-9D49-405D-9C1C-11F48B5C6C67}.Debug|x64.ActiveCfg = Debug|Any CPU
		{85DEE55C-9D49-405D-9C1C-11F48B5C6C67}.Debug|x64.Build.0 = Debug|Any CPU
		{85DEE55C-9D49-405D-9C1C-11F48B5C6C67}.Debug|x86.ActiveCfg = Debug|Any CPU
		{85DEE55C-9D49-405D-9C1C-11F48B5C6C67}.Debug|x86.Build.0 = Debug|Any CPU
		{85DEE55C-9D49-405D-9C1C-11F48B5C6C67}.Release|Any CPU.ActiveCfg = Release|Any CPU
		{85DEE55C-9D49-405D-9C1C-11F48B5C6C67}.Release|Any CPU.Build.0 = Release|Any CPU
		{85DEE55C-9D49-405D-9C1C-11F48B5C6C67}.Release|x64.ActiveCfg = Release|Any CPU
		{85DEE55C-9D49-405D-9C1C-11F48B5C6C67}.Release|x64.Build.0 = Release|Any CPU
		{85DEE55C-9D49-405D-9C1C-11F48B5C6C67}.Release|x86.ActiveCfg = Release|Any CPU
		{85DEE55C-9D49-405D-9C1C-11F48B5C6C67}.Release|x86.Build.0 = Release|Any CPU
		{810E64FA-4B58-42F3-8DF4-C562162CE9F6}.Debug|Any CPU.ActiveCfg = Debug|Any CPU
		{810E64FA-4B58-42F3-8DF4-C562162CE9F6}.Debug|Any CPU.Build.0 = Debug|Any CPU
		{810E64FA-4B58-42F3-8DF4-C562162CE9F6}.Debug|x64.ActiveCfg = Debug|Any CPU
		{810E64FA-4B58-42F3-8DF4-C562162CE9F6}.Debug|x64.Build.0 = Debug|Any CPU
		{810E64FA-4B58-42F3-8DF4-C562162CE9F6}.Debug|x86.ActiveCfg = Debug|Any CPU
		{810E64FA-4B58-42F3-8DF4-C562162CE9F6}.Debug|x86.Build.0 = Debug|Any CPU
		{810E64FA-4B58-42F3-8DF4-C562162CE9F6}.Release|Any CPU.ActiveCfg = Release|Any CPU
		{810E64FA-4B58-42F3-8DF4-C562162CE9F6}.Release|Any CPU.Build.0 = Release|Any CPU
		{810E64FA-4B58-42F3-8DF4-C562162CE9F6}.Release|x64.ActiveCfg = Release|Any CPU
		{810E64FA-4B58-42F3-8DF4-C562162CE9F6}.Release|x64.Build.0 = Release|Any CPU
		{810E64FA-4B58-42F3-8DF4-C562162CE9F6}.Release|x86.ActiveCfg = Release|Any CPU
		{810E64FA-4B58-42F3-8DF4-C562162CE9F6}.Release|x86.Build.0 = Release|Any CPU
		{B8A0DD5E-EFFA-4730-91A7-B3C6394A3DD9}.Debug|Any CPU.ActiveCfg = Debug|Any CPU
		{B8A0DD5E-EFFA-4730-91A7-B3C6394A3DD9}.Debug|Any CPU.Build.0 = Debug|Any CPU
		{B8A0DD5E-EFFA-4730-91A7-B3C6394A3DD9}.Debug|x64.ActiveCfg = Debug|Any CPU
		{B8A0DD5E-EFFA-4730-91A7-B3C6394A3DD9}.Debug|x64.Build.0 = Debug|Any CPU
		{B8A0DD5E-EFFA-4730-91A7-B3C6394A3DD9}.Debug|x86.ActiveCfg = Debug|Any CPU
		{B8A0DD5E-EFFA-4730-91A7-B3C6394A3DD9}.Debug|x86.Build.0 = Debug|Any CPU
		{B8A0DD5E-EFFA-4730-91A7-B3C6394A3DD9}.Release|Any CPU.ActiveCfg = Release|Any CPU
		{B8A0DD5E-EFFA-4730-91A7-B3C6394A3DD9}.Release|Any CPU.Build.0 = Release|Any CPU
		{B8A0DD5E-EFFA-4730-91A7-B3C6394A3DD9}.Release|x64.ActiveCfg = Release|Any CPU
		{B8A0DD5E-EFFA-4730-91A7-B3C6394A3DD9}.Release|x64.Build.0 = Release|Any CPU
		{B8A0DD5E-EFFA-4730-91A7-B3C6394A3DD9}.Release|x86.ActiveCfg = Release|Any CPU
		{B8A0DD5E-EFFA-4730-91A7-B3C6394A3DD9}.Release|x86.Build.0 = Release|Any CPU
		{ED006D69-7CB6-4514-A327-B81A5005BBEF}.Debug|Any CPU.ActiveCfg = Debug|Any CPU
		{ED006D69-7CB6-4514-A327-B81A5005BBEF}.Debug|Any CPU.Build.0 = Debug|Any CPU
		{ED006D69-7CB6-4514-A327-B81A5005BBEF}.Debug|x64.ActiveCfg = Debug|Any CPU
		{ED006D69-7CB6-4514-A327-B81A5005BBEF}.Debug|x64.Build.0 = Debug|Any CPU
		{ED006D69-7CB6-4514-A327-B81A5005BBEF}.Debug|x86.ActiveCfg = Debug|Any CPU
		{ED006D69-7CB6-4514-A327-B81A5005BBEF}.Debug|x86.Build.0 = Debug|Any CPU
		{ED006D69-7CB6-4514-A327-B81A5005BBEF}.Release|Any CPU.ActiveCfg = Release|Any CPU
		{ED006D69-7CB6-4514-A327-B81A5005BBEF}.Release|Any CPU.Build.0 = Release|Any CPU
		{ED006D69-7CB6-4514-A327-B81A5005BBEF}.Release|x64.ActiveCfg = Release|Any CPU
		{ED006D69-7CB6-4514-A327-B81A5005BBEF}.Release|x64.Build.0 = Release|Any CPU
		{ED006D69-7CB6-4514-A327-B81A5005BBEF}.Release|x86.ActiveCfg = Release|Any CPU
		{ED006D69-7CB6-4514-A327-B81A5005BBEF}.Release|x86.Build.0 = Release|Any CPU
		{28732C76-0E00-4B86-9C6F-90464C2B85FA}.Debug|Any CPU.ActiveCfg = Debug|Any CPU
		{28732C76-0E00-4B86-9C6F-90464C2B85FA}.Debug|Any CPU.Build.0 = Debug|Any CPU
		{28732C76-0E00-4B86-9C6F-90464C2B85FA}.Debug|x64.ActiveCfg = Debug|Any CPU
		{28732C76-0E00-4B86-9C6F-90464C2B85FA}.Debug|x64.Build.0 = Debug|Any CPU
		{28732C76-0E00-4B86-9C6F-90464C2B85FA}.Debug|x86.ActiveCfg = Debug|Any CPU
		{28732C76-0E00-4B86-9C6F-90464C2B85FA}.Debug|x86.Build.0 = Debug|Any CPU
		{28732C76-0E00-4B86-9C6F-90464C2B85FA}.Release|Any CPU.ActiveCfg = Release|Any CPU
		{28732C76-0E00-4B86-9C6F-90464C2B85FA}.Release|Any CPU.Build.0 = Release|Any CPU
		{28732C76-0E00-4B86-9C6F-90464C2B85FA}.Release|x64.ActiveCfg = Release|Any CPU
		{28732C76-0E00-4B86-9C6F-90464C2B85FA}.Release|x64.Build.0 = Release|Any CPU
		{28732C76-0E00-4B86-9C6F-90464C2B85FA}.Release|x86.ActiveCfg = Release|Any CPU
		{28732C76-0E00-4B86-9C6F-90464C2B85FA}.Release|x86.Build.0 = Release|Any CPU
		{334839A8-E272-41DD-BCC2-FFF69D1F964C}.Debug|Any CPU.ActiveCfg = Debug|Any CPU
		{334839A8-E272-41DD-BCC2-FFF69D1F964C}.Debug|Any CPU.Build.0 = Debug|Any CPU
		{334839A8-E272-41DD-BCC2-FFF69D1F964C}.Debug|x64.ActiveCfg = Debug|Any CPU
		{334839A8-E272-41DD-BCC2-FFF69D1F964C}.Debug|x64.Build.0 = Debug|Any CPU
		{334839A8-E272-41DD-BCC2-FFF69D1F964C}.Debug|x86.ActiveCfg = Debug|Any CPU
		{334839A8-E272-41DD-BCC2-FFF69D1F964C}.Debug|x86.Build.0 = Debug|Any CPU
		{334839A8-E272-41DD-BCC2-FFF69D1F964C}.Release|Any CPU.ActiveCfg = Release|Any CPU
		{334839A8-E272-41DD-BCC2-FFF69D1F964C}.Release|Any CPU.Build.0 = Release|Any CPU
		{334839A8-E272-41DD-BCC2-FFF69D1F964C}.Release|x64.ActiveCfg = Release|Any CPU
		{334839A8-E272-41DD-BCC2-FFF69D1F964C}.Release|x64.Build.0 = Release|Any CPU
		{334839A8-E272-41DD-BCC2-FFF69D1F964C}.Release|x86.ActiveCfg = Release|Any CPU
		{334839A8-E272-41DD-BCC2-FFF69D1F964C}.Release|x86.Build.0 = Release|Any CPU
		{08DF3B31-E2D9-415F-B4CA-C0E1A9B0101C}.Debug|Any CPU.ActiveCfg = Debug|Any CPU
		{08DF3B31-E2D9-415F-B4CA-C0E1A9B0101C}.Debug|Any CPU.Build.0 = Debug|Any CPU
		{08DF3B31-E2D9-415F-B4CA-C0E1A9B0101C}.Debug|x64.ActiveCfg = Debug|Any CPU
		{08DF3B31-E2D9-415F-B4CA-C0E1A9B0101C}.Debug|x64.Build.0 = Debug|Any CPU
		{08DF3B31-E2D9-415F-B4CA-C0E1A9B0101C}.Debug|x86.ActiveCfg = Debug|Any CPU
		{08DF3B31-E2D9-415F-B4CA-C0E1A9B0101C}.Debug|x86.Build.0 = Debug|Any CPU
		{08DF3B31-E2D9-415F-B4CA-C0E1A9B0101C}.Release|Any CPU.ActiveCfg = Release|Any CPU
		{08DF3B31-E2D9-415F-B4CA-C0E1A9B0101C}.Release|Any CPU.Build.0 = Release|Any CPU
		{08DF3B31-E2D9-415F-B4CA-C0E1A9B0101C}.Release|x64.ActiveCfg = Release|Any CPU
		{08DF3B31-E2D9-415F-B4CA-C0E1A9B0101C}.Release|x64.Build.0 = Release|Any CPU
		{08DF3B31-E2D9-415F-B4CA-C0E1A9B0101C}.Release|x86.ActiveCfg = Release|Any CPU
		{08DF3B31-E2D9-415F-B4CA-C0E1A9B0101C}.Release|x86.Build.0 = Release|Any CPU
		{728F0654-D800-476C-9DF8-2EAA6F541B26}.Debug|Any CPU.ActiveCfg = Debug|Any CPU
		{728F0654-D800-476C-9DF8-2EAA6F541B26}.Debug|Any CPU.Build.0 = Debug|Any CPU
		{728F0654-D800-476C-9DF8-2EAA6F541B26}.Debug|x64.ActiveCfg = Debug|Any CPU
		{728F0654-D800-476C-9DF8-2EAA6F541B26}.Debug|x64.Build.0 = Debug|Any CPU
		{728F0654-D800-476C-9DF8-2EAA6F541B26}.Debug|x86.ActiveCfg = Debug|Any CPU
		{728F0654-D800-476C-9DF8-2EAA6F541B26}.Debug|x86.Build.0 = Debug|Any CPU
		{728F0654-D800-476C-9DF8-2EAA6F541B26}.Release|Any CPU.ActiveCfg = Release|Any CPU
		{728F0654-D800-476C-9DF8-2EAA6F541B26}.Release|Any CPU.Build.0 = Release|Any CPU
		{728F0654-D800-476C-9DF8-2EAA6F541B26}.Release|x64.ActiveCfg = Release|Any CPU
		{728F0654-D800-476C-9DF8-2EAA6F541B26}.Release|x64.Build.0 = Release|Any CPU
		{728F0654-D800-476C-9DF8-2EAA6F541B26}.Release|x86.ActiveCfg = Release|Any CPU
		{728F0654-D800-476C-9DF8-2EAA6F541B26}.Release|x86.Build.0 = Release|Any CPU
	EndGlobalSection
	GlobalSection(NestedProjects) = preSolution
		{A2F9C375-B756-4B0B-8D8A-34D6BBED6992} = {50DE766A-0206-4983-8D33-15B974C42C47}
		{EA14C169-5F96-4086-A677-A215F6746033} = {50DE766A-0206-4983-8D33-15B974C42C47}
		{4DB78378-6E22-4E89-A7CD-EAFEE7EAE761} = {D77B2C5B-649F-4FE6-9A60-146DADF39C82}
		{E33AC681-702A-42AE-80AF-8E4CE057E0FB} = {D77B2C5B-649F-4FE6-9A60-146DADF39C82}
		{EE9E529E-5766-4B09-9A4C-35FD9B1D0F43} = {3FB4DE07-BABB-4297-9D4B-BD1BDE415D03}
		{3DC99749-3300-434C-BDB8-35FDD99E420E} = {3FB4DE07-BABB-4297-9D4B-BD1BDE415D03}
		{810E64FA-4B58-42F3-8DF4-C562162CE9F6} = {E6B47257-CAC4-4E16-86BC-BE1C99BD595C}
		{B8A0DD5E-EFFA-4730-91A7-B3C6394A3DD9} = {E6B47257-CAC4-4E16-86BC-BE1C99BD595C}
		{ED006D69-7CB6-4514-A327-B81A5005BBEF} = {C48BE569-C053-4276-A936-0AE5B7462A24}
		{28732C76-0E00-4B86-9C6F-90464C2B85FA} = {C48BE569-C053-4276-A936-0AE5B7462A24}
		{334839A8-E272-41DD-BCC2-FFF69D1F964C} = {C48BE569-C053-4276-A936-0AE5B7462A24}
		{08DF3B31-E2D9-415F-B4CA-C0E1A9B0101C} = {E5C8D02F-0085-4E1A-B3AC-DA99AC8BB123}
		{728F0654-D800-476C-9DF8-2EAA6F541B26} = {E5C8D02F-0085-4E1A-B3AC-DA99AC8BB123}
	EndGlobalSection
EndGlobal
